
Microsoft Visual Studio Solution File, Format Version 12.00
# Visual Studio 15
Project("{FAE04EC0-301F-11D3-BF4B-00C04F79EFBC}") = "Unity.Timeline", "Unity.Timeline.csproj", "{09AF859D-740E-1953-65AC-34CDBA23BC99}"
EndProject
Project("{FAE04EC0-301F-11D3-BF4B-00C04F79EFBC}") = "Unity.Timeline.Editor", "Unity.Timeline.Editor.csproj", "{6F905C79-5803-87A1-56DE-96E0B2C17A52}"
EndProject
Project("{FAE04EC0-301F-11D3-BF4B-00C04F79EFBC}") = "Unity.TextMeshPro.Editor", "Unity.TextMeshPro.Editor.csproj", "{9A0AEF41-267D-D59C-55AA-6EBE50D56871}"
EndProject
Project("{FAE04EC0-301F-11D3-BF4B-00C04F79EFBC}") = "Unity.VisualScripting.Flow", "Unity.VisualScripting.Flow.csproj", "{EB168038-CFFC-DB55-7E2A-40B8FEE355CF}"
EndProject
Project("{FAE04EC0-301F-11D3-BF4B-00C04F79EFBC}") = "UnityEditor.UI", "UnityEditor.UI.csproj", "{748BE044-3FFB-AED0-CEBB-79178BE0D6B1}"
EndProject
Project("{FAE04EC0-301F-11D3-BF4B-00C04F79EFBC}") = "Unity.PlasticSCM.Editor", "Unity.PlasticSCM.Editor.csproj", "{BAA7A819-9E0F-9F67-7183-A9035DF33790}"
EndProject
Project("{FAE04EC0-301F-11D3-BF4B-00C04F79EFBC}") = "Unity.VisualScripting.Core", "Unity.VisualScripting.Core.csproj", "{D330B2F8-39AE-6AE4-964A-DA2D078982FE}"
EndProject
Project("{FAE04EC0-301F-11D3-BF4B-00C04F79EFBC}") = "Unity.VisualScripting.Core.Editor", "Unity.VisualScripting.Core.Editor.csproj", "{7771DD0E-3420-1301-FAEA-FF6FA13327CA}"
EndProject
Project("{FAE04EC0-301F-11D3-BF4B-00C04F79EFBC}") = "Unity.VisualScripting.Flow.Editor", "Unity.VisualScripting.Flow.Editor.csproj", "{88849E93-8213-C43C-5C90-6C9078C78537}"
EndProject
Project("{FAE04EC0-301F-11D3-BF4B-00C04F79EFBC}") = "UnityEditor.TestRunner", "UnityEditor.TestRunner.csproj", "{03159DA2-11ED-96B3-4D0B-DAED213386A1}"
EndProject
Project("{FAE04EC0-301F-11D3-BF4B-00C04F79EFBC}") = "Unity.VisualScripting.SettingsProvider.Editor", "Unity.VisualScripting.SettingsProvider.Editor.csproj", "{42816819-0F91-0FC3-03A5-954AB670DC6F}"
EndProject
Project("{FAE04EC0-301F-11D3-BF4B-00C04F79EFBC}") = "UnityEngine.TestRunner", "UnityEngine.TestRunner.csproj", "{60BAE5AF-0B7D-50EC-26FA-3A05E8FA5157}"
EndProject
Project("{FAE04EC0-301F-11D3-BF4B-00C04F79EFBC}") = "UnityEngine.UI", "UnityEngine.UI.csproj", "{63CA1165-9E7E-EE2A-17E7-A6423AE78A90}"
EndProject
Project("{FAE04EC0-301F-11D3-BF4B-00C04F79EFBC}") = "Unity.AI.Navigation.Editor", "Unity.AI.Navigation.Editor.csproj", "{E68EB200-A3D7-A551-72BD-847CA00C0E56}"
EndProject
Project("{FAE04EC0-301F-11D3-BF4B-00C04F79EFBC}") = "Unity.VisualStudio.Editor", "Unity.VisualStudio.Editor.csproj", "{4E40F5F2-EBF8-0A2B-D08B-7361D2A0D193}"
EndProject
Project("{FAE04EC0-301F-11D3-BF4B-00C04F79EFBC}") = "Assembly-CSharp", "Assembly-CSharp.csproj", "{DACEF59F-4346-7DEE-0E92-9ABA6F62CB71}"
EndProject
Project("{FAE04EC0-301F-11D3-BF4B-00C04F79EFBC}") = "Unity.TestTools.CodeCoverage.Editor.OpenCover.Model", "Unity.TestTools.CodeCoverage.Editor.OpenCover.Model.csproj", "{D64181E8-C9EA-C914-B5CF-2AA53D07A583}"
EndProject
Project("{FAE04EC0-301F-11D3-BF4B-00C04F79EFBC}") = "Unity.Rider.Editor", "Unity.Rider.Editor.csproj", "{63449BDB-4227-ACF4-EE0D-82C3A94B5709}"
EndProject
Project("{FAE04EC0-301F-11D3-BF4B-00C04F79EFBC}") = "Unity.AI.Navigation", "Unity.AI.Navigation.csproj", "{E40DB6EF-30EC-B2AA-661C-740A0C879A0C}"
EndProject
Project("{FAE04EC0-301F-11D3-BF4B-00C04F79EFBC}") = "Unity.AI.Navigation.Editor.ConversionSystem", "Unity.AI.Navigation.Editor.ConversionSystem.csproj", "{63B70738-BF92-6613-0925-ADE23AB7DBEC}"
EndProject
Project("{FAE04EC0-301F-11D3-BF4B-00C04F79EFBC}") = "Unity.VisualScripting.State.Editor", "Unity.VisualScripting.State.Editor.csproj", "{A0E28872-FA28-C0D5-C9D2-D7418475A16D}"
EndProject
Project("{FAE04EC0-301F-11D3-BF4B-00C04F79EFBC}") = "Unity.TestTools.CodeCoverage.Editor", "Unity.TestTools.CodeCoverage.Editor.csproj", "{C852CEE4-6E4E-E0B9-C9D2-36C3A3DCB188}"
EndProject
Project("{FAE04EC0-301F-11D3-BF4B-00C04F79EFBC}") = "Unity.VisualScripting.State", "Unity.VisualScripting.State.csproj", "{53CF2079-7AD1-840F-8F45-5B70EC872EA0}"
EndProject
Project("{FAE04EC0-301F-11D3-BF4B-00C04F79EFBC}") = "Unity.TextMeshPro", "Unity.TextMeshPro.csproj", "{84A6CFA5-39AA-AA15-B143-2CB63DCD69CE}"
EndProject
Project("{FAE04EC0-301F-11D3-BF4B-00C04F79EFBC}") = "Unity.Performance.Profile-Analyzer.Editor", "Unity.Performance.Profile-Analyzer.Editor.csproj", "{9281D2A8-40C7-0CCC-E548-01C941F77F49}"
EndProject
Project("{FAE04EC0-301F-11D3-BF4B-00C04F79EFBC}") = "Wooshii.HierarchyDecorator.Editor", "Wooshii.HierarchyDecorator.Editor.csproj", "{EC5B905E-C49C-1690-B030-0B009685842F}"
EndProject
Project("{FAE04EC0-301F-11D3-BF4B-00C04F79EFBC}") = "Unity.VSCode.Editor", "Unity.VSCode.Editor.csproj", "{802D0B97-D39A-09D7-EE7E-F4726019A0C0}"
EndProject
Project("{FAE04EC0-301F-11D3-BF4B-00C04F79EFBC}") = "Unity.TestTools.CodeCoverage.Editor.OpenCover.Mono.Reflection", "Unity.TestTools.CodeCoverage.Editor.OpenCover.Mono.Reflection.csproj", "{082BEC62-F4BE-7C3D-C1CE-E9D5B6D48E2B}"
EndProject
Project("{FAE04EC0-301F-11D3-BF4B-00C04F79EFBC}") = "Unity.AI.Navigation.Updater", "Unity.AI.Navigation.Updater.csproj", "{108B9205-3536-2764-104F-091FF93A91EE}"
EndProject
Project("{FAE04EC0-301F-11D3-BF4B-00C04F79EFBC}") = "Unity.Settings.Editor", "Unity.Settings.Editor.csproj", "{4DBF14C0-38B5-BF51-00CB-84E66A885D3E}"
EndProject
Project("{FAE04EC0-301F-11D3-BF4B-00C04F79EFBC}") = "Wooshii.HierarchyDecorator", "Wooshii.HierarchyDecorator.csproj", "{727A072D-A500-8EE7-34B8-72C89C9BE15C}"
EndProject
Project("{FAE04EC0-301F-11D3-BF4B-00C04F79EFBC}") = "Unity.EditorCoroutines.Editor", "Unity.EditorCoroutines.Editor.csproj", "{3F14230D-AAF6-2407-C561-65F6298B3AB9}"
EndProject
Project("{FAE04EC0-301F-11D3-BF4B-00C04F79EFBC}") = "Unity.VisualScripting.Shared.Editor", "Unity.VisualScripting.Shared.Editor.csproj", "{DE002248-614F-11DD-030F-39587CC89A03}"
EndProject
Project("{FAE04EC0-301F-11D3-BF4B-00C04F79EFBC}") = "Assembly-CSharp-Editor", "Assembly-CSharp-Editor.csproj", "{9663693E-35C2-3629-7A1C-DBD074FE3638}"
EndProject
Project("{FAE04EC0-301F-11D3-BF4B-00C04F79EFBC}") = "Unity.CollabProxy.Editor", "Unity.CollabProxy.Editor.csproj", "{A5C39E80-191B-2D2F-65DB-07BE5AD1978B}"
EndProject
Project("{FAE04EC0-301F-11D3-BF4B-00C04F79EFBC}") = "Unity.Timeline", "Unity.Timeline.Player.csproj", "{C42B583C-0D63-245B-4EBF-43A6EB35B581}"
EndProject
Project("{FAE04EC0-301F-11D3-BF4B-00C04F79EFBC}") = "Unity.VisualScripting.Flow", "Unity.VisualScripting.Flow.Player.csproj", "{45B35E34-18E4-FD23-86E2-FD12C3E722BF}"
EndProject
Project("{FAE04EC0-301F-11D3-BF4B-00C04F79EFBC}") = "Unity.VisualScripting.Core", "Unity.VisualScripting.Core.Player.csproj", "{4EA7DA2B-9F89-7F06-647A-8C168C321A43}"
EndProject
Project("{FAE04EC0-301F-11D3-BF4B-00C04F79EFBC}") = "UnityEngine.TestRunner", "UnityEngine.TestRunner.Player.csproj", "{8C117658-8195-FE52-9CF9-5070822EC592}"
EndProject
Project("{FAE04EC0-301F-11D3-BF4B-00C04F79EFBC}") = "UnityEngine.UI", "UnityEngine.UI.Player.csproj", "{AF6DB769-B619-21C5-EE02-45C677155A42}"
EndProject
Project("{FAE04EC0-301F-11D3-BF4B-00C04F79EFBC}") = "Assembly-CSharp", "Assembly-CSharp.Player.csproj", "{B07E4F0E-0A5D-4D1F-8BA4-CCB411C551A0}"
EndProject
Project("{FAE04EC0-301F-11D3-BF4B-00C04F79EFBC}") = "Unity.AI.Navigation", "Unity.AI.Navigation.Player.csproj", "{53B8D9CB-3156-1609-FE14-C006B06ECA87}"
EndProject
Project("{FAE04EC0-301F-11D3-BF4B-00C04F79EFBC}") = "Unity.VisualScripting.State", "Unity.VisualScripting.State.Player.csproj", "{F3E21C13-D9DA-01B3-E8B2-064E5F1A9544}"
EndProject
Project("{FAE04EC0-301F-11D3-BF4B-00C04F79EFBC}") = "Unity.TextMeshPro", "Unity.TextMeshPro.Player.csproj", "{79D8D006-22AE-9487-DD60-CE739F322443}"
EndProject
Project("{FAE04EC0-301F-11D3-BF4B-00C04F79EFBC}") = "Wooshii.HierarchyDecorator", "Wooshii.HierarchyDecorator.Player.csproj", "{1ADDF464-7698-C4EB-2592-D24798159C78}"
EndProject
Global
	GlobalSection(SolutionConfigurationPlatforms) = preSolution
		Debug|Any CPU = Debug|Any CPU
		Release|Any CPU = Release|Any CPU
	EndGlobalSection
	GlobalSection(ProjectConfigurationPlatforms) = postSolution
		{09AF859D-740E-1953-65AC-34CDBA23BC99}.Debug|Any CPU.ActiveCfg = Debug|Any CPU
		{09AF859D-740E-1953-65AC-34CDBA23BC99}.Debug|Any CPU.Build.0 = Debug|Any CPU
		{09AF859D-740E-1953-65AC-34CDBA23BC99}.Release|Any CPU.ActiveCfg = Release|Any CPU
		{09AF859D-740E-1953-65AC-34CDBA23BC99}.Release|Any CPU.Build.0 = Release|Any CPU
		{6F905C79-5803-87A1-56DE-96E0B2C17A52}.Debug|Any CPU.ActiveCfg = Debug|Any CPU
		{6F905C79-5803-87A1-56DE-96E0B2C17A52}.Debug|Any CPU.Build.0 = Debug|Any CPU
		{6F905C79-5803-87A1-56DE-96E0B2C17A52}.Release|Any CPU.ActiveCfg = Release|Any CPU
		{6F905C79-5803-87A1-56DE-96E0B2C17A52}.Release|Any CPU.Build.0 = Release|Any CPU
		{9A0AEF41-267D-D59C-55AA-6EBE50D56871}.Debug|Any CPU.ActiveCfg = Debug|Any CPU
		{9A0AEF41-267D-D59C-55AA-6EBE50D56871}.Debug|Any CPU.Build.0 = Debug|Any CPU
		{9A0AEF41-267D-D59C-55AA-6EBE50D56871}.Release|Any CPU.ActiveCfg = Release|Any CPU
		{9A0AEF41-267D-D59C-55AA-6EBE50D56871}.Release|Any CPU.Build.0 = Release|Any CPU
		{EB168038-CFFC-DB55-7E2A-40B8FEE355CF}.Debug|Any CPU.ActiveCfg = Debug|Any CPU
		{EB168038-CFFC-DB55-7E2A-40B8FEE355CF}.Debug|Any CPU.Build.0 = Debug|Any CPU
		{EB168038-CFFC-DB55-7E2A-40B8FEE355CF}.Release|Any CPU.ActiveCfg = Release|Any CPU
		{EB168038-CFFC-DB55-7E2A-40B8FEE355CF}.Release|Any CPU.Build.0 = Release|Any CPU
		{748BE044-3FFB-AED0-CEBB-79178BE0D6B1}.Debug|Any CPU.ActiveCfg = Debug|Any CPU
		{748BE044-3FFB-AED0-CEBB-79178BE0D6B1}.Debug|Any CPU.Build.0 = Debug|Any CPU
		{748BE044-3FFB-AED0-CEBB-79178BE0D6B1}.Release|Any CPU.ActiveCfg = Release|Any CPU
		{748BE044-3FFB-AED0-CEBB-79178BE0D6B1}.Release|Any CPU.Build.0 = Release|Any CPU
		{BAA7A819-9E0F-9F67-7183-A9035DF33790}.Debug|Any CPU.ActiveCfg = Debug|Any CPU
		{BAA7A819-9E0F-9F67-7183-A9035DF33790}.Debug|Any CPU.Build.0 = Debug|Any CPU
		{BAA7A819-9E0F-9F67-7183-A9035DF33790}.Release|Any CPU.ActiveCfg = Release|Any CPU
		{BAA7A819-9E0F-9F67-7183-A9035DF33790}.Release|Any CPU.Build.0 = Release|Any CPU
		{D330B2F8-39AE-6AE4-964A-DA2D078982FE}.Debug|Any CPU.ActiveCfg = Debug|Any CPU
		{D330B2F8-39AE-6AE4-964A-DA2D078982FE}.Debug|Any CPU.Build.0 = Debug|Any CPU
		{D330B2F8-39AE-6AE4-964A-DA2D078982FE}.Release|Any CPU.ActiveCfg = Release|Any CPU
		{D330B2F8-39AE-6AE4-964A-DA2D078982FE}.Release|Any CPU.Build.0 = Release|Any CPU
		{7771DD0E-3420-1301-FAEA-FF6FA13327CA}.Debug|Any CPU.ActiveCfg = Debug|Any CPU
		{7771DD0E-3420-1301-FAEA-FF6FA13327CA}.Debug|Any CPU.Build.0 = Debug|Any CPU
		{7771DD0E-3420-1301-FAEA-FF6FA13327CA}.Release|Any CPU.ActiveCfg = Release|Any CPU
		{7771DD0E-3420-1301-FAEA-FF6FA13327CA}.Release|Any CPU.Build.0 = Release|Any CPU
		{88849E93-8213-C43C-5C90-6C9078C78537}.Debug|Any CPU.ActiveCfg = Debug|Any CPU
		{88849E93-8213-C43C-5C90-6C9078C78537}.Debug|Any CPU.Build.0 = Debug|Any CPU
		{88849E93-8213-C43C-5C90-6C9078C78537}.Release|Any CPU.ActiveCfg = Release|Any CPU
		{88849E93-8213-C43C-5C90-6C9078C78537}.Release|Any CPU.Build.0 = Release|Any CPU
		{03159DA2-11ED-96B3-4D0B-DAED213386A1}.Debug|Any CPU.ActiveCfg = Debug|Any CPU
		{03159DA2-11ED-96B3-4D0B-DAED213386A1}.Debug|Any CPU.Build.0 = Debug|Any CPU
		{03159DA2-11ED-96B3-4D0B-DAED213386A1}.Release|Any CPU.ActiveCfg = Release|Any CPU
		{03159DA2-11ED-96B3-4D0B-DAED213386A1}.Release|Any CPU.Build.0 = Release|Any CPU
		{42816819-0F91-0FC3-03A5-954AB670DC6F}.Debug|Any CPU.ActiveCfg = Debug|Any CPU
		{42816819-0F91-0FC3-03A5-954AB670DC6F}.Debug|Any CPU.Build.0 = Debug|Any CPU
		{42816819-0F91-0FC3-03A5-954AB670DC6F}.Release|Any CPU.ActiveCfg = Release|Any CPU
		{42816819-0F91-0FC3-03A5-954AB670DC6F}.Release|Any CPU.Build.0 = Release|Any CPU
		{60BAE5AF-0B7D-50EC-26FA-3A05E8FA5157}.Debug|Any CPU.ActiveCfg = Debug|Any CPU
		{60BAE5AF-0B7D-50EC-26FA-3A05E8FA5157}.Debug|Any CPU.Build.0 = Debug|Any CPU
		{60BAE5AF-0B7D-50EC-26FA-3A05E8FA5157}.Release|Any CPU.ActiveCfg = Release|Any CPU
		{60BAE5AF-0B7D-50EC-26FA-3A05E8FA5157}.Release|Any CPU.Build.0 = Release|Any CPU
		{63CA1165-9E7E-EE2A-17E7-A6423AE78A90}.Debug|Any CPU.ActiveCfg = Debug|Any CPU
		{63CA1165-9E7E-EE2A-17E7-A6423AE78A90}.Debug|Any CPU.Build.0 = Debug|Any CPU
		{63CA1165-9E7E-EE2A-17E7-A6423AE78A90}.Release|Any CPU.ActiveCfg = Release|Any CPU
		{63CA1165-9E7E-EE2A-17E7-A6423AE78A90}.Release|Any CPU.Build.0 = Release|Any CPU
		{E68EB200-A3D7-A551-72BD-847CA00C0E56}.Debug|Any CPU.ActiveCfg = Debug|Any CPU
		{E68EB200-A3D7-A551-72BD-847CA00C0E56}.Debug|Any CPU.Build.0 = Debug|Any CPU
		{E68EB200-A3D7-A551-72BD-847CA00C0E56}.Release|Any CPU.ActiveCfg = Release|Any CPU
		{E68EB200-A3D7-A551-72BD-847CA00C0E56}.Release|Any CPU.Build.0 = Release|Any CPU
		{4E40F5F2-EBF8-0A2B-D08B-7361D2A0D193}.Debug|Any CPU.ActiveCfg = Debug|Any CPU
		{4E40F5F2-EBF8-0A2B-D08B-7361D2A0D193}.Debug|Any CPU.Build.0 = Debug|Any CPU
		{4E40F5F2-EBF8-0A2B-D08B-7361D2A0D193}.Release|Any CPU.ActiveCfg = Release|Any CPU
		{4E40F5F2-EBF8-0A2B-D08B-7361D2A0D193}.Release|Any CPU.Build.0 = Release|Any CPU
		{DACEF59F-4346-7DEE-0E92-9ABA6F62CB71}.Debug|Any CPU.ActiveCfg = Debug|Any CPU
		{DACEF59F-4346-7DEE-0E92-9ABA6F62CB71}.Debug|Any CPU.Build.0 = Debug|Any CPU
		{DACEF59F-4346-7DEE-0E92-9ABA6F62CB71}.Release|Any CPU.ActiveCfg = Release|Any CPU
		{DACEF59F-4346-7DEE-0E92-9ABA6F62CB71}.Release|Any CPU.Build.0 = Release|Any CPU
		{D64181E8-C9EA-C914-B5CF-2AA53D07A583}.Debug|Any CPU.ActiveCfg = Debug|Any CPU
		{D64181E8-C9EA-C914-B5CF-2AA53D07A583}.Debug|Any CPU.Build.0 = Debug|Any CPU
		{D64181E8-C9EA-C914-B5CF-2AA53D07A583}.Release|Any CPU.ActiveCfg = Release|Any CPU
		{D64181E8-C9EA-C914-B5CF-2AA53D07A583}.Release|Any CPU.Build.0 = Release|Any CPU
		{63449BDB-4227-ACF4-EE0D-82C3A94B5709}.Debug|Any CPU.ActiveCfg = Debug|Any CPU
		{63449BDB-4227-ACF4-EE0D-82C3A94B5709}.Debug|Any CPU.Build.0 = Debug|Any CPU
		{63449BDB-4227-ACF4-EE0D-82C3A94B5709}.Release|Any CPU.ActiveCfg = Release|Any CPU
		{63449BDB-4227-ACF4-EE0D-82C3A94B5709}.Release|Any CPU.Build.0 = Release|Any CPU
		{E40DB6EF-30EC-B2AA-661C-740A0C879A0C}.Debug|Any CPU.ActiveCfg = Debug|Any CPU
		{E40DB6EF-30EC-B2AA-661C-740A0C879A0C}.Debug|Any CPU.Build.0 = Debug|Any CPU
		{E40DB6EF-30EC-B2AA-661C-740A0C879A0C}.Release|Any CPU.ActiveCfg = Release|Any CPU
		{E40DB6EF-30EC-B2AA-661C-740A0C879A0C}.Release|Any CPU.Build.0 = Release|Any CPU
		{63B70738-BF92-6613-0925-ADE23AB7DBEC}.Debug|Any CPU.ActiveCfg = Debug|Any CPU
		{63B70738-BF92-6613-0925-ADE23AB7DBEC}.Debug|Any CPU.Build.0 = Debug|Any CPU
		{63B70738-BF92-6613-0925-ADE23AB7DBEC}.Release|Any CPU.ActiveCfg = Release|Any CPU
		{63B70738-BF92-6613-0925-ADE23AB7DBEC}.Release|Any CPU.Build.0 = Release|Any CPU
		{A0E28872-FA28-C0D5-C9D2-D7418475A16D}.Debug|Any CPU.ActiveCfg = Debug|Any CPU
		{A0E28872-FA28-C0D5-C9D2-D7418475A16D}.Debug|Any CPU.Build.0 = Debug|Any CPU
		{A0E28872-FA28-C0D5-C9D2-D7418475A16D}.Release|Any CPU.ActiveCfg = Release|Any CPU
		{A0E28872-FA28-C0D5-C9D2-D7418475A16D}.Release|Any CPU.Build.0 = Release|Any CPU
		{C852CEE4-6E4E-E0B9-C9D2-36C3A3DCB188}.Debug|Any CPU.ActiveCfg = Debug|Any CPU
		{C852CEE4-6E4E-E0B9-C9D2-36C3A3DCB188}.Debug|Any CPU.Build.0 = Debug|Any CPU
		{C852CEE4-6E4E-E0B9-C9D2-36C3A3DCB188}.Release|Any CPU.ActiveCfg = Release|Any CPU
		{C852CEE4-6E4E-E0B9-C9D2-36C3A3DCB188}.Release|Any CPU.Build.0 = Release|Any CPU
		{53CF2079-7AD1-840F-8F45-5B70EC872EA0}.Debug|Any CPU.ActiveCfg = Debug|Any CPU
		{53CF2079-7AD1-840F-8F45-5B70EC872EA0}.Debug|Any CPU.Build.0 = Debug|Any CPU
		{53CF2079-7AD1-840F-8F45-5B70EC872EA0}.Release|Any CPU.ActiveCfg = Release|Any CPU
		{53CF2079-7AD1-840F-8F45-5B70EC872EA0}.Release|Any CPU.Build.0 = Release|Any CPU
		{84A6CFA5-39AA-AA15-B143-2CB63DCD69CE}.Debug|Any CPU.ActiveCfg = Debug|Any CPU
		{84A6CFA5-39AA-AA15-B143-2CB63DCD69CE}.Debug|Any CPU.Build.0 = Debug|Any CPU
		{84A6CFA5-39AA-AA15-B143-2CB63DCD69CE}.Release|Any CPU.ActiveCfg = Release|Any CPU
		{84A6CFA5-39AA-AA15-B143-2CB63DCD69CE}.Release|Any CPU.Build.0 = Release|Any CPU
		{9281D2A8-40C7-0CCC-E548-01C941F77F49}.Debug|Any CPU.ActiveCfg = Debug|Any CPU
		{9281D2A8-40C7-0CCC-E548-01C941F77F49}.Debug|Any CPU.Build.0 = Debug|Any CPU
		{9281D2A8-40C7-0CCC-E548-01C941F77F49}.Release|Any CPU.ActiveCfg = Release|Any CPU
		{9281D2A8-40C7-0CCC-E548-01C941F77F49}.Release|Any CPU.Build.0 = Release|Any CPU
		{EC5B905E-C49C-1690-B030-0B009685842F}.Debug|Any CPU.ActiveCfg = Debug|Any CPU
		{EC5B905E-C49C-1690-B030-0B009685842F}.Debug|Any CPU.Build.0 = Debug|Any CPU
		{EC5B905E-C49C-1690-B030-0B009685842F}.Release|Any CPU.ActiveCfg = Release|Any CPU
		{EC5B905E-C49C-1690-B030-0B009685842F}.Release|Any CPU.Build.0 = Release|Any CPU
		{802D0B97-D39A-09D7-EE7E-F4726019A0C0}.Debug|Any CPU.ActiveCfg = Debug|Any CPU
		{802D0B97-D39A-09D7-EE7E-F4726019A0C0}.Debug|Any CPU.Build.0 = Debug|Any CPU
		{802D0B97-D39A-09D7-EE7E-F4726019A0C0}.Release|Any CPU.ActiveCfg = Release|Any CPU
		{802D0B97-D39A-09D7-EE7E-F4726019A0C0}.Release|Any CPU.Build.0 = Release|Any CPU
		{082BEC62-F4BE-7C3D-C1CE-E9D5B6D48E2B}.Debug|Any CPU.ActiveCfg = Debug|Any CPU
		{082BEC62-F4BE-7C3D-C1CE-E9D5B6D48E2B}.Debug|Any CPU.Build.0 = Debug|Any CPU
		{082BEC62-F4BE-7C3D-C1CE-E9D5B6D48E2B}.Release|Any CPU.ActiveCfg = Release|Any CPU
		{082BEC62-F4BE-7C3D-C1CE-E9D5B6D48E2B}.Release|Any CPU.Build.0 = Release|Any CPU
		{108B9205-3536-2764-104F-091FF93A91EE}.Debug|Any CPU.ActiveCfg = Debug|Any CPU
		{108B9205-3536-2764-104F-091FF93A91EE}.Debug|Any CPU.Build.0 = Debug|Any CPU
		{108B9205-3536-2764-104F-091FF93A91EE}.Release|Any CPU.ActiveCfg = Release|Any CPU
		{108B9205-3536-2764-104F-091FF93A91EE}.Release|Any CPU.Build.0 = Release|Any CPU
		{4DBF14C0-38B5-BF51-00CB-84E66A885D3E}.Debug|Any CPU.ActiveCfg = Debug|Any CPU
		{4DBF14C0-38B5-BF51-00CB-84E66A885D3E}.Debug|Any CPU.Build.0 = Debug|Any CPU
		{4DBF14C0-38B5-BF51-00CB-84E66A885D3E}.Release|Any CPU.ActiveCfg = Release|Any CPU
		{4DBF14C0-38B5-BF51-00CB-84E66A885D3E}.Release|Any CPU.Build.0 = Release|Any CPU
		{727A072D-A500-8EE7-34B8-72C89C9BE15C}.Debug|Any CPU.ActiveCfg = Debug|Any CPU
		{727A072D-A500-8EE7-34B8-72C89C9BE15C}.Debug|Any CPU.Build.0 = Debug|Any CPU
		{727A072D-A500-8EE7-34B8-72C89C9BE15C}.Release|Any CPU.ActiveCfg = Release|Any CPU
		{727A072D-A500-8EE7-34B8-72C89C9BE15C}.Release|Any CPU.Build.0 = Release|Any CPU
		{3F14230D-AAF6-2407-C561-65F6298B3AB9}.Debug|Any CPU.ActiveCfg = Debug|Any CPU
		{3F14230D-AAF6-2407-C561-65F6298B3AB9}.Debug|Any CPU.Build.0 = Debug|Any CPU
		{3F14230D-AAF6-2407-C561-65F6298B3AB9}.Release|Any CPU.ActiveCfg = Release|Any CPU
		{3F14230D-AAF6-2407-C561-65F6298B3AB9}.Release|Any CPU.Build.0 = Release|Any CPU
		{DE002248-614F-11DD-030F-39587CC89A03}.Debug|Any CPU.ActiveCfg = Debug|Any CPU
		{DE002248-614F-11DD-030F-39587CC89A03}.Debug|Any CPU.Build.0 = Debug|Any CPU
		{DE002248-614F-11DD-030F-39587CC89A03}.Release|Any CPU.ActiveCfg = Release|Any CPU
		{DE002248-614F-11DD-030F-39587CC89A03}.Release|Any CPU.Build.0 = Release|Any CPU
		{9663693E-35C2-3629-7A1C-DBD074FE3638}.Debug|Any CPU.ActiveCfg = Debug|Any CPU
		{9663693E-35C2-3629-7A1C-DBD074FE3638}.Debug|Any CPU.Build.0 = Debug|Any CPU
		{9663693E-35C2-3629-7A1C-DBD074FE3638}.Release|Any CPU.ActiveCfg = Release|Any CPU
		{9663693E-35C2-3629-7A1C-DBD074FE3638}.Release|Any CPU.Build.0 = Release|Any CPU
		{A5C39E80-191B-2D2F-65DB-07BE5AD1978B}.Debug|Any CPU.ActiveCfg = Debug|Any CPU
		{A5C39E80-191B-2D2F-65DB-07BE5AD1978B}.Debug|Any CPU.Build.0 = Debug|Any CPU
		{A5C39E80-191B-2D2F-65DB-07BE5AD1978B}.Release|Any CPU.ActiveCfg = Release|Any CPU
		{A5C39E80-191B-2D2F-65DB-07BE5AD1978B}.Release|Any CPU.Build.0 = Release|Any CPU
		{C42B583C-0D63-245B-4EBF-43A6EB35B581}.Debug|Any CPU.ActiveCfg = Debug|Any CPU
		{C42B583C-0D63-245B-4EBF-43A6EB35B581}.Debug|Any CPU.Build.0 = Debug|Any CPU
		{C42B583C-0D63-245B-4EBF-43A6EB35B581}.Release|Any CPU.ActiveCfg = Release|Any CPU
		{C42B583C-0D63-245B-4EBF-43A6EB35B581}.Release|Any CPU.Build.0 = Release|Any CPU
		{45B35E34-18E4-FD23-86E2-FD12C3E722BF}.Debug|Any CPU.ActiveCfg = Debug|Any CPU
		{45B35E34-18E4-FD23-86E2-FD12C3E722BF}.Debug|Any CPU.Build.0 = Debug|Any CPU
		{45B35E34-18E4-FD23-86E2-FD12C3E722BF}.Release|Any CPU.ActiveCfg = Release|Any CPU
		{45B35E34-18E4-FD23-86E2-FD12C3E722BF}.Release|Any CPU.Build.0 = Release|Any CPU
		{4EA7DA2B-9F89-7F06-647A-8C168C321A43}.Debug|Any CPU.ActiveCfg = Debug|Any CPU
		{4EA7DA2B-9F89-7F06-647A-8C168C321A43}.Debug|Any CPU.Build.0 = Debug|Any CPU
		{4EA7DA2B-9F89-7F06-647A-8C168C321A43}.Release|Any CPU.ActiveCfg = Release|Any CPU
		{4EA7DA2B-9F89-7F06-647A-8C168C321A43}.Release|Any CPU.Build.0 = Release|Any CPU
		{8C117658-8195-FE52-9CF9-5070822EC592}.Debug|Any CPU.ActiveCfg = Debug|Any CPU
		{8C117658-8195-FE52-9CF9-5070822EC592}.Debug|Any CPU.Build.0 = Debug|Any CPU
		{8C117658-8195-FE52-9CF9-5070822EC592}.Release|Any CPU.ActiveCfg = Release|Any CPU
		{8C117658-8195-FE52-9CF9-5070822EC592}.Release|Any CPU.Build.0 = Release|Any CPU
		{AF6DB769-B619-21C5-EE02-45C677155A42}.Debug|Any CPU.ActiveCfg = Debug|Any CPU
		{AF6DB769-B619-21C5-EE02-45C677155A42}.Debug|Any CPU.Build.0 = Debug|Any CPU
		{AF6DB769-B619-21C5-EE02-45C677155A42}.Release|Any CPU.ActiveCfg = Release|Any CPU
		{AF6DB769-B619-21C5-EE02-45C677155A42}.Release|Any CPU.Build.0 = Release|Any CPU
		{B07E4F0E-0A5D-4D1F-8BA4-CCB411C551A0}.Debug|Any CPU.ActiveCfg = Debug|Any CPU
		{B07E4F0E-0A5D-4D1F-8BA4-CCB411C551A0}.Debug|Any CPU.Build.0 = Debug|Any CPU
		{B07E4F0E-0A5D-4D1F-8BA4-CCB411C551A0}.Release|Any CPU.ActiveCfg = Release|Any CPU
		{B07E4F0E-0A5D-4D1F-8BA4-CCB411C551A0}.Release|Any CPU.Build.0 = Release|Any CPU
		{53B8D9CB-3156-1609-FE14-C006B06ECA87}.Debug|Any CPU.ActiveCfg = Debug|Any CPU
		{53B8D9CB-3156-1609-FE14-C006B06ECA87}.Debug|Any CPU.Build.0 = Debug|Any CPU
		{53B8D9CB-3156-1609-FE14-C006B06ECA87}.Release|Any CPU.ActiveCfg = Release|Any CPU
		{53B8D9CB-3156-1609-FE14-C006B06ECA87}.Release|Any CPU.Build.0 = Release|Any CPU
		{F3E21C13-D9DA-01B3-E8B2-064E5F1A9544}.Debug|Any CPU.ActiveCfg = Debug|Any CPU
		{F3E21C13-D9DA-01B3-E8B2-064E5F1A9544}.Debug|Any CPU.Build.0 = Debug|Any CPU
		{F3E21C13-D9DA-01B3-E8B2-064E5F1A9544}.Release|Any CPU.ActiveCfg = Release|Any CPU
		{F3E21C13-D9DA-01B3-E8B2-064E5F1A9544}.Release|Any CPU.Build.0 = Release|Any CPU
		{79D8D006-22AE-9487-DD60-CE739F322443}.Debug|Any CPU.ActiveCfg = Debug|Any CPU
		{79D8D006-22AE-9487-DD60-CE739F322443}.Debug|Any CPU.Build.0 = Debug|Any CPU
		{79D8D006-22AE-9487-DD60-CE739F322443}.Release|Any CPU.ActiveCfg = Release|Any CPU
		{79D8D006-22AE-9487-DD60-CE739F322443}.Release|Any CPU.Build.0 = Release|Any CPU
		{1ADDF464-7698-C4EB-2592-D24798159C78}.Debug|Any CPU.ActiveCfg = Debug|Any CPU
		{1ADDF464-7698-C4EB-2592-D24798159C78}.Debug|Any CPU.Build.0 = Debug|Any CPU
		{1ADDF464-7698-C4EB-2592-D24798159C78}.Release|Any CPU.ActiveCfg = Release|Any CPU
		{1ADDF464-7698-C4EB-2592-D24798159C78}.Release|Any CPU.Build.0 = Release|Any CPU
	EndGlobalSection
	GlobalSection(SolutionProperties) = preSolution
		HideSolutionNode = FALSE
	EndGlobalSection
EndGlobal
