
Microsoft Visual Studio Solution File, Format Version 12.00
# Visual Studio 15
Project("{FAE04EC0-301F-11D3-BF4B-00C04F79EFBC}") = "UnityEngine.UI", "UnityEngine.UI.csproj", "{63CA1165-9E7E-EE2A-17E7-A6423AE78A90}"
EndProject
Project("{FAE04EC0-301F-11D3-BF4B-00C04F79EFBC}") = "UnityEngine.TestRunner", "UnityEngine.TestRunner.csproj", "{60BAE5AF-0B7D-50EC-26FA-3A05E8FA5157}"
EndProject
Project("{FAE04EC0-301F-11D3-BF4B-00C04F79EFBC}") = "Unity.VisualScripting.Flow", "Unity.VisualScripting.Flow.csproj", "{EB168038-CFFC-DB55-7E2A-40B8FEE355CF}"
EndProject
Project("{FAE04EC0-301F-11D3-BF4B-00C04F79EFBC}") = "Unity.Services.Core.Telemetry", "Unity.Services.Core.Telemetry.csproj", "{ACEE5E0E-F7FE-4C4D-36F5-F2B3ECDA91E6}"
EndProject
Project("{FAE04EC0-301F-11D3-BF4B-00C04F79EFBC}") = "Unity.VisualScripting.State", "Unity.VisualScripting.State.csproj", "{53CF2079-7AD1-840F-8F45-5B70EC872EA0}"
EndProject
Project("{FAE04EC0-301F-11D3-BF4B-00C04F79EFBC}") = "Unity.VisualScripting.Core", "Unity.VisualScripting.Core.csproj", "{D330B2F8-39AE-6AE4-964A-DA2D078982FE}"
EndProject
Project("{FAE04EC0-301F-11D3-BF4B-00C04F79EFBC}") = "Unity.Services.Core.Environments.Internal", "Unity.Services.Core.Environments.Internal.csproj", "{42AECFE2-2E59-1E70-B13E-A794D4292CC2}"
EndProject
Project("{FAE04EC0-301F-11D3-BF4B-00C04F79EFBC}") = "Unity.TextMeshPro", "Unity.TextMeshPro.csproj", "{84A6CFA5-39AA-AA15-B143-2CB63DCD69CE}"
EndProject
Project("{FAE04EC0-301F-11D3-BF4B-00C04F79EFBC}") = "Unity.Timeline", "Unity.Timeline.csproj", "{09AF859D-740E-1953-65AC-34CDBA23BC99}"
EndProject
Project("{FAE04EC0-301F-11D3-BF4B-00C04F79EFBC}") = "Assembly-CSharp", "Assembly-CSharp.csproj", "{DACEF59F-4346-7DEE-0E92-9ABA6F62CB71}"
EndProject
Project("{FAE04EC0-301F-11D3-BF4B-00C04F79EFBC}") = "Unity.Services.Core", "Unity.Services.Core.csproj", "{3E7702BC-3A21-2F2C-BAD9-33348CCCB989}"
EndProject
Project("{FAE04EC0-301F-11D3-BF4B-00C04F79EFBC}") = "Unity.Services.Core.Environments", "Unity.Services.Core.Environments.csproj", "{9CC252A2-810C-5188-227B-13DBA963C8B4}"
EndProject
Project("{FAE04EC0-301F-11D3-BF4B-00C04F79EFBC}") = "Unity.Services.Core.Internal", "Unity.Services.Core.Internal.csproj", "{2367EEDE-BC0F-F163-702F-6A27D484E493}"
EndProject
Project("{FAE04EC0-301F-11D3-BF4B-00C04F79EFBC}") = "Unity.Services.Core.Analytics", "Unity.Services.Core.Analytics.csproj", "{C3AD6E89-0ACB-6908-84EA-8766F857A861}"
EndProject
Project("{FAE04EC0-301F-11D3-BF4B-00C04F79EFBC}") = "Unity.Services.Core.Scheduler", "Unity.Services.Core.Scheduler.csproj", "{4B92C4AC-97E6-2A41-EE28-112E5D1DED73}"
EndProject
Project("{FAE04EC0-301F-11D3-BF4B-00C04F79EFBC}") = "Unity.Services.Core.Registration", "Unity.Services.Core.Registration.csproj", "{0C6B50CF-3CF5-36D3-15F4-2B8E928B2E17}"
EndProject
Project("{FAE04EC0-301F-11D3-BF4B-00C04F79EFBC}") = "Unity.Services.Core.Device", "Unity.Services.Core.Device.csproj", "{A17A77DE-85F2-14DE-78A1-9FFBF48334E0}"
EndProject
Project("{FAE04EC0-301F-11D3-BF4B-00C04F79EFBC}") = "Unity.Services.Core.Threading", "Unity.Services.Core.Threading.csproj", "{10973B06-1EAB-0A2F-0E41-D8A31D7A904B}"
EndProject
Project("{FAE04EC0-301F-11D3-BF4B-00C04F79EFBC}") = "Unity.Services.Core.Networking", "Unity.Services.Core.Networking.csproj", "{C0C38620-FF53-DFAF-0627-CE4B2F67C1AF}"
EndProject
Project("{FAE04EC0-301F-11D3-BF4B-00C04F79EFBC}") = "Assembly-CSharp-firstpass", "Assembly-CSharp-firstpass.csproj", "{BAAABEA2-EC1C-0726-6F37-C737182412B8}"
EndProject
Project("{FAE04EC0-301F-11D3-BF4B-00C04F79EFBC}") = "Unity.Services.Core.Configuration", "Unity.Services.Core.Configuration.csproj", "{D6654BA1-EAF0-EF9D-6B50-869D24042BCD}"
EndProject
Project("{FAE04EC0-301F-11D3-BF4B-00C04F79EFBC}") = "Wooshii.HierarchyDecorator", "Wooshii.HierarchyDecorator.csproj", "{727A072D-A500-8EE7-34B8-72C89C9BE15C}"
EndProject
Project("{FAE04EC0-301F-11D3-BF4B-00C04F79EFBC}") = "Unity.PlasticSCM.Editor", "Unity.PlasticSCM.Editor.csproj", "{BAA7A819-9E0F-9F67-7183-A9035DF33790}"
EndProject
Project("{FAE04EC0-301F-11D3-BF4B-00C04F79EFBC}") = "Unity.VisualScripting.Core.Editor", "Unity.VisualScripting.Core.Editor.csproj", "{7771DD0E-3420-1301-FAEA-FF6FA13327CA}"
EndProject
Project("{FAE04EC0-301F-11D3-BF4B-00C04F79EFBC}") = "Unity.VisualScripting.Flow.Editor", "Unity.VisualScripting.Flow.Editor.csproj", "{88849E93-8213-C43C-5C90-6C9078C78537}"
EndProject
Project("{FAE04EC0-301F-11D3-BF4B-00C04F79EFBC}") = "Unity.VisualStudio.Editor", "Unity.VisualStudio.Editor.csproj", "{4E40F5F2-EBF8-0A2B-D08B-7361D2A0D193}"
EndProject
Project("{FAE04EC0-301F-11D3-BF4B-00C04F79EFBC}") = "Unity.Timeline.Editor", "Unity.Timeline.Editor.csproj", "{6F905C79-5803-87A1-56DE-96E0B2C17A52}"
EndProject
Project("{FAE04EC0-301F-11D3-BF4B-00C04F79EFBC}") = "Unity.VisualScripting.State.Editor", "Unity.VisualScripting.State.Editor.csproj", "{A0E28872-FA28-C0D5-C9D2-D7418475A16D}"
EndProject
Project("{FAE04EC0-301F-11D3-BF4B-00C04F79EFBC}") = "Unity.TextMeshPro.Editor", "Unity.TextMeshPro.Editor.csproj", "{9A0AEF41-267D-D59C-55AA-6EBE50D56871}"
EndProject
Project("{FAE04EC0-301F-11D3-BF4B-00C04F79EFBC}") = "Unity.VisualScripting.SettingsProvider.Editor", "Unity.VisualScripting.SettingsProvider.Editor.csproj", "{42816819-0F91-0FC3-03A5-954AB670DC6F}"
EndProject
Project("{FAE04EC0-301F-11D3-BF4B-00C04F79EFBC}") = "Unity.CollabProxy.Editor", "Unity.CollabProxy.Editor.csproj", "{A5C39E80-191B-2D2F-65DB-07BE5AD1978B}"
EndProject
Project("{FAE04EC0-301F-11D3-BF4B-00C04F79EFBC}") = "UnityEditor.TestRunner", "UnityEditor.TestRunner.csproj", "{03159DA2-11ED-96B3-4D0B-DAED213386A1}"
EndProject
Project("{FAE04EC0-301F-11D3-BF4B-00C04F79EFBC}") = "Unity.Services.Core.Editor", "Unity.Services.Core.Editor.csproj", "{23802EFA-A98D-7B00-427F-B028E9BCC58A}"
EndProject
Project("{FAE04EC0-301F-11D3-BF4B-00C04F79EFBC}") = "Unity.TestTools.CodeCoverage.Editor", "Unity.TestTools.CodeCoverage.Editor.csproj", "{C852CEE4-6E4E-E0B9-C9D2-36C3A3DCB188}"
EndProject
Project("{FAE04EC0-301F-11D3-BF4B-00C04F79EFBC}") = "Unity.Rider.Editor", "Unity.Rider.Editor.csproj", "{63449BDB-4227-ACF4-EE0D-82C3A94B5709}"
EndProject
Project("{FAE04EC0-301F-11D3-BF4B-00C04F79EFBC}") = "Unity.Performance.Profile-Analyzer.Editor", "Unity.Performance.Profile-Analyzer.Editor.csproj", "{9281D2A8-40C7-0CCC-E548-01C941F77F49}"
EndProject
Project("{FAE04EC0-301F-11D3-BF4B-00C04F79EFBC}") = "Unity.VSCode.Editor", "Unity.VSCode.Editor.csproj", "{802D0B97-D39A-09D7-EE7E-F4726019A0C0}"
EndProject
Project("{FAE04EC0-301F-11D3-BF4B-00C04F79EFBC}") = "UnityEditor.UI", "UnityEditor.UI.csproj", "{748BE044-3FFB-AED0-CEBB-79178BE0D6B1}"
EndProject
Project("{FAE04EC0-301F-11D3-BF4B-00C04F79EFBC}") = "Unity.Settings.Editor", "Unity.Settings.Editor.csproj", "{4DBF14C0-38B5-BF51-00CB-84E66A885D3E}"
EndProject
Project("{FAE04EC0-301F-11D3-BF4B-00C04F79EFBC}") = "Unity.TestTools.CodeCoverage.Editor.OpenCover.Model", "Unity.TestTools.CodeCoverage.Editor.OpenCover.Model.csproj", "{D64181E8-C9EA-C914-B5CF-2AA53D07A583}"
EndProject
Project("{FAE04EC0-301F-11D3-BF4B-00C04F79EFBC}") = "Unity.EditorCoroutines.Editor", "Unity.EditorCoroutines.Editor.csproj", "{3F14230D-AAF6-2407-C561-65F6298B3AB9}"
EndProject
Project("{FAE04EC0-301F-11D3-BF4B-00C04F79EFBC}") = "Unity.Services.Core.Configuration.Editor", "Unity.Services.Core.Configuration.Editor.csproj", "{E5CAFE26-F98F-A6A2-8402-A7FD360E2652}"
EndProject
Project("{FAE04EC0-301F-11D3-BF4B-00C04F79EFBC}") = "DualPlay.Settings", "DualPlay.Settings.csproj", "{91A7DA03-16A5-C4D6-C923-FD0E78E75CD6}"
EndProject
Project("{FAE04EC0-301F-11D3-BF4B-00C04F79EFBC}") = "DualPlay.Editor", "DualPlay.Editor.csproj", "{5627F967-0D20-915D-CAF2-926423FDFDC8}"
EndProject
Project("{FAE04EC0-301F-11D3-BF4B-00C04F79EFBC}") = "Unity.TestTools.CodeCoverage.Editor.OpenCover.Mono.Reflection", "Unity.TestTools.CodeCoverage.Editor.OpenCover.Mono.Reflection.csproj", "{082BEC62-F4BE-7C3D-C1CE-E9D5B6D48E2B}"
EndProject
Project("{FAE04EC0-301F-11D3-BF4B-00C04F79EFBC}") = "Unity.VisualScripting.Shared.Editor", "Unity.VisualScripting.Shared.Editor.csproj", "{DE002248-614F-11DD-030F-39587CC89A03}"
EndProject
Project("{FAE04EC0-301F-11D3-BF4B-00C04F79EFBC}") = "Assembly-CSharp-Editor", "Assembly-CSharp-Editor.csproj", "{9663693E-35C2-3629-7A1C-DBD074FE3638}"
EndProject
Project("{FAE04EC0-301F-11D3-BF4B-00C04F79EFBC}") = "Wooshii.HierarchyDecorator.Editor", "Wooshii.HierarchyDecorator.Editor.csproj", "{EC5B905E-C49C-1690-B030-0B009685842F}"
EndProject
Project("{FAE04EC0-301F-11D3-BF4B-00C04F79EFBC}") = "UnityEngine.UI", "UnityEngine.UI.Player.csproj", "{AF6DB769-B619-21C5-EE02-45C677155A42}"
EndProject
Project("{FAE04EC0-301F-11D3-BF4B-00C04F79EFBC}") = "UnityEngine.TestRunner", "UnityEngine.TestRunner.Player.csproj", "{8C117658-8195-FE52-9CF9-5070822EC592}"
EndProject
Project("{FAE04EC0-301F-11D3-BF4B-00C04F79EFBC}") = "Unity.VisualScripting.Flow", "Unity.VisualScripting.Flow.Player.csproj", "{45B35E34-18E4-FD23-86E2-FD12C3E722BF}"
EndProject
Project("{FAE04EC0-301F-11D3-BF4B-00C04F79EFBC}") = "Unity.Services.Core.Telemetry", "Unity.Services.Core.Telemetry.Player.csproj", "{ADE6A39F-B816-F149-ACCD-12B6FB09A931}"
EndProject
Project("{FAE04EC0-301F-11D3-BF4B-00C04F79EFBC}") = "Unity.VisualScripting.State", "Unity.VisualScripting.State.Player.csproj", "{F3E21C13-D9DA-01B3-E8B2-064E5F1A9544}"
EndProject
Project("{FAE04EC0-301F-11D3-BF4B-00C04F79EFBC}") = "Unity.VisualScripting.Core", "Unity.VisualScripting.Core.Player.csproj", "{4EA7DA2B-9F89-7F06-647A-8C168C321A43}"
EndProject
Project("{FAE04EC0-301F-11D3-BF4B-00C04F79EFBC}") = "Unity.Services.Core.Environments.Internal", "Unity.Services.Core.Environments.Internal.Player.csproj", "{C706F9F7-4B4A-96CD-8057-05714D896F08}"
EndProject
Project("{FAE04EC0-301F-11D3-BF4B-00C04F79EFBC}") = "Unity.TextMeshPro", "Unity.TextMeshPro.Player.csproj", "{79D8D006-22AE-9487-DD60-CE739F322443}"
EndProject
Project("{FAE04EC0-301F-11D3-BF4B-00C04F79EFBC}") = "Unity.Timeline", "Unity.Timeline.Player.csproj", "{C42B583C-0D63-245B-4EBF-43A6EB35B581}"
EndProject
Project("{FAE04EC0-301F-11D3-BF4B-00C04F79EFBC}") = "Assembly-CSharp", "Assembly-CSharp.Player.csproj", "{B07E4F0E-0A5D-4D1F-8BA4-CCB411C551A0}"
EndProject
Project("{FAE04EC0-301F-11D3-BF4B-00C04F79EFBC}") = "Unity.Services.Core", "Unity.Services.Core.Player.csproj", "{66FFF2D5-B67C-27C5-A38E-8D78DED5378D}"
EndProject
Project("{FAE04EC0-301F-11D3-BF4B-00C04F79EFBC}") = "Unity.Services.Core.Environments", "Unity.Services.Core.Environments.Player.csproj", "{D3163812-BC23-9AC2-D774-BC2CC7B4FD32}"
EndProject
Project("{FAE04EC0-301F-11D3-BF4B-00C04F79EFBC}") = "Unity.Services.Core.Internal", "Unity.Services.Core.Internal.Player.csproj", "{64A4DAE3-08CA-2D7B-4C3C-6C656FD69625}"
EndProject
Project("{FAE04EC0-301F-11D3-BF4B-00C04F79EFBC}") = "Unity.Services.Core.Analytics", "Unity.Services.Core.Analytics.Player.csproj", "{E79E5EB1-62BB-3FE9-E4E9-74AD3DB3B651}"
EndProject
Project("{FAE04EC0-301F-11D3-BF4B-00C04F79EFBC}") = "Unity.Services.Core.Scheduler", "Unity.Services.Core.Scheduler.Player.csproj", "{0E7F4E34-D9DB-BCA1-ED4B-6B05047E7D53}"
EndProject
Project("{FAE04EC0-301F-11D3-BF4B-00C04F79EFBC}") = "Unity.Services.Core.Registration", "Unity.Services.Core.Registration.Player.csproj", "{54F8FA65-843D-69FF-E82E-CAEA1AE8C5FD}"
EndProject
Project("{FAE04EC0-301F-11D3-BF4B-00C04F79EFBC}") = "Unity.Services.Core.Device", "Unity.Services.Core.Device.Player.csproj", "{9B15F2A4-E26F-3775-1ADA-3C754FA6DF8B}"
EndProject
Project("{FAE04EC0-301F-11D3-BF4B-00C04F79EFBC}") = "Unity.Services.Core.Threading", "Unity.Services.Core.Threading.Player.csproj", "{BCFAADC2-125F-DD58-069A-F68575AAE790}"
EndProject
Project("{FAE04EC0-301F-11D3-BF4B-00C04F79EFBC}") = "Unity.Services.Core.Networking", "Unity.Services.Core.Networking.Player.csproj", "{6649F1F7-673A-1F12-1BE5-D71B15630770}"
EndProject
Project("{FAE04EC0-301F-11D3-BF4B-00C04F79EFBC}") = "Assembly-CSharp-firstpass", "Assembly-CSharp-firstpass.Player.csproj", "{2D5A74E3-F038-F69D-BAD9-93B8622F44FC}"
EndProject
Project("{FAE04EC0-301F-11D3-BF4B-00C04F79EFBC}") = "Unity.Services.Core.Configuration", "Unity.Services.Core.Configuration.Player.csproj", "{989597CD-4266-B56E-BAE1-127065ACD09E}"
EndProject
Project("{FAE04EC0-301F-11D3-BF4B-00C04F79EFBC}") = "Wooshii.HierarchyDecorator", "Wooshii.HierarchyDecorator.Player.csproj", "{1ADDF464-7698-C4EB-2592-D24798159C78}"
EndProject
Global
	GlobalSection(SolutionConfigurationPlatforms) = preSolution
		Debug|Any CPU = Debug|Any CPU
		Release|Any CPU = Release|Any CPU
	EndGlobalSection
	GlobalSection(ProjectConfigurationPlatforms) = postSolution
		{63CA1165-9E7E-EE2A-17E7-A6423AE78A90}.Debug|Any CPU.ActiveCfg = Debug|Any CPU
		{63CA1165-9E7E-EE2A-17E7-A6423AE78A90}.Debug|Any CPU.Build.0 = Debug|Any CPU
		{63CA1165-9E7E-EE2A-17E7-A6423AE78A90}.Release|Any CPU.ActiveCfg = Release|Any CPU
		{63CA1165-9E7E-EE2A-17E7-A6423AE78A90}.Release|Any CPU.Build.0 = Release|Any CPU
		{60BAE5AF-0B7D-50EC-26FA-3A05E8FA5157}.Debug|Any CPU.ActiveCfg = Debug|Any CPU
		{60BAE5AF-0B7D-50EC-26FA-3A05E8FA5157}.Debug|Any CPU.Build.0 = Debug|Any CPU
		{60BAE5AF-0B7D-50EC-26FA-3A05E8FA5157}.Release|Any CPU.ActiveCfg = Release|Any CPU
		{60BAE5AF-0B7D-50EC-26FA-3A05E8FA5157}.Release|Any CPU.Build.0 = Release|Any CPU
		{EB168038-CFFC-DB55-7E2A-40B8FEE355CF}.Debug|Any CPU.ActiveCfg = Debug|Any CPU
		{EB168038-CFFC-DB55-7E2A-40B8FEE355CF}.Debug|Any CPU.Build.0 = Debug|Any CPU
		{EB168038-CFFC-DB55-7E2A-40B8FEE355CF}.Release|Any CPU.ActiveCfg = Release|Any CPU
		{EB168038-CFFC-DB55-7E2A-40B8FEE355CF}.Release|Any CPU.Build.0 = Release|Any CPU
		{ACEE5E0E-F7FE-4C4D-36F5-F2B3ECDA91E6}.Debug|Any CPU.ActiveCfg = Debug|Any CPU
		{ACEE5E0E-F7FE-4C4D-36F5-F2B3ECDA91E6}.Debug|Any CPU.Build.0 = Debug|Any CPU
		{ACEE5E0E-F7FE-4C4D-36F5-F2B3ECDA91E6}.Release|Any CPU.ActiveCfg = Release|Any CPU
		{ACEE5E0E-F7FE-4C4D-36F5-F2B3ECDA91E6}.Release|Any CPU.Build.0 = Release|Any CPU
		{53CF2079-7AD1-840F-8F45-5B70EC872EA0}.Debug|Any CPU.ActiveCfg = Debug|Any CPU
		{53CF2079-7AD1-840F-8F45-5B70EC872EA0}.Debug|Any CPU.Build.0 = Debug|Any CPU
		{53CF2079-7AD1-840F-8F45-5B70EC872EA0}.Release|Any CPU.ActiveCfg = Release|Any CPU
		{53CF2079-7AD1-840F-8F45-5B70EC872EA0}.Release|Any CPU.Build.0 = Release|Any CPU
		{D330B2F8-39AE-6AE4-964A-DA2D078982FE}.Debug|Any CPU.ActiveCfg = Debug|Any CPU
		{D330B2F8-39AE-6AE4-964A-DA2D078982FE}.Debug|Any CPU.Build.0 = Debug|Any CPU
		{D330B2F8-39AE-6AE4-964A-DA2D078982FE}.Release|Any CPU.ActiveCfg = Release|Any CPU
		{D330B2F8-39AE-6AE4-964A-DA2D078982FE}.Release|Any CPU.Build.0 = Release|Any CPU
		{42AECFE2-2E59-1E70-B13E-A794D4292CC2}.Debug|Any CPU.ActiveCfg = Debug|Any CPU
		{42AECFE2-2E59-1E70-B13E-A794D4292CC2}.Debug|Any CPU.Build.0 = Debug|Any CPU
		{42AECFE2-2E59-1E70-B13E-A794D4292CC2}.Release|Any CPU.ActiveCfg = Release|Any CPU
		{42AECFE2-2E59-1E70-B13E-A794D4292CC2}.Release|Any CPU.Build.0 = Release|Any CPU
		{84A6CFA5-39AA-AA15-B143-2CB63DCD69CE}.Debug|Any CPU.ActiveCfg = Debug|Any CPU
		{84A6CFA5-39AA-AA15-B143-2CB63DCD69CE}.Debug|Any CPU.Build.0 = Debug|Any CPU
		{84A6CFA5-39AA-AA15-B143-2CB63DCD69CE}.Release|Any CPU.ActiveCfg = Release|Any CPU
		{84A6CFA5-39AA-AA15-B143-2CB63DCD69CE}.Release|Any CPU.Build.0 = Release|Any CPU
		{09AF859D-740E-1953-65AC-34CDBA23BC99}.Debug|Any CPU.ActiveCfg = Debug|Any CPU
		{09AF859D-740E-1953-65AC-34CDBA23BC99}.Debug|Any CPU.Build.0 = Debug|Any CPU
		{09AF859D-740E-1953-65AC-34CDBA23BC99}.Release|Any CPU.ActiveCfg = Release|Any CPU
		{09AF859D-740E-1953-65AC-34CDBA23BC99}.Release|Any CPU.Build.0 = Release|Any CPU
		{DACEF59F-4346-7DEE-0E92-9ABA6F62CB71}.Debug|Any CPU.ActiveCfg = Debug|Any CPU
		{DACEF59F-4346-7DEE-0E92-9ABA6F62CB71}.Debug|Any CPU.Build.0 = Debug|Any CPU
		{DACEF59F-4346-7DEE-0E92-9ABA6F62CB71}.Release|Any CPU.ActiveCfg = Release|Any CPU
		{DACEF59F-4346-7DEE-0E92-9ABA6F62CB71}.Release|Any CPU.Build.0 = Release|Any CPU
		{3E7702BC-3A21-2F2C-BAD9-33348CCCB989}.Debug|Any CPU.ActiveCfg = Debug|Any CPU
		{3E7702BC-3A21-2F2C-BAD9-33348CCCB989}.Debug|Any CPU.Build.0 = Debug|Any CPU
		{3E7702BC-3A21-2F2C-BAD9-33348CCCB989}.Release|Any CPU.ActiveCfg = Release|Any CPU
		{3E7702BC-3A21-2F2C-BAD9-33348CCCB989}.Release|Any CPU.Build.0 = Release|Any CPU
		{9CC252A2-810C-5188-227B-13DBA963C8B4}.Debug|Any CPU.ActiveCfg = Debug|Any CPU
		{9CC252A2-810C-5188-227B-13DBA963C8B4}.Debug|Any CPU.Build.0 = Debug|Any CPU
		{9CC252A2-810C-5188-227B-13DBA963C8B4}.Release|Any CPU.ActiveCfg = Release|Any CPU
		{9CC252A2-810C-5188-227B-13DBA963C8B4}.Release|Any CPU.Build.0 = Release|Any CPU
		{2367EEDE-BC0F-F163-702F-6A27D484E493}.Debug|Any CPU.ActiveCfg = Debug|Any CPU
		{2367EEDE-BC0F-F163-702F-6A27D484E493}.Debug|Any CPU.Build.0 = Debug|Any CPU
		{2367EEDE-BC0F-F163-702F-6A27D484E493}.Release|Any CPU.ActiveCfg = Release|Any CPU
		{2367EEDE-BC0F-F163-702F-6A27D484E493}.Release|Any CPU.Build.0 = Release|Any CPU
		{C3AD6E89-0ACB-6908-84EA-8766F857A861}.Debug|Any CPU.ActiveCfg = Debug|Any CPU
		{C3AD6E89-0ACB-6908-84EA-8766F857A861}.Debug|Any CPU.Build.0 = Debug|Any CPU
		{C3AD6E89-0ACB-6908-84EA-8766F857A861}.Release|Any CPU.ActiveCfg = Release|Any CPU
		{C3AD6E89-0ACB-6908-84EA-8766F857A861}.Release|Any CPU.Build.0 = Release|Any CPU
		{4B92C4AC-97E6-2A41-EE28-112E5D1DED73}.Debug|Any CPU.ActiveCfg = Debug|Any CPU
		{4B92C4AC-97E6-2A41-EE28-112E5D1DED73}.Debug|Any CPU.Build.0 = Debug|Any CPU
		{4B92C4AC-97E6-2A41-EE28-112E5D1DED73}.Release|Any CPU.ActiveCfg = Release|Any CPU
		{4B92C4AC-97E6-2A41-EE28-112E5D1DED73}.Release|Any CPU.Build.0 = Release|Any CPU
		{0C6B50CF-3CF5-36D3-15F4-2B8E928B2E17}.Debug|Any CPU.ActiveCfg = Debug|Any CPU
		{0C6B50CF-3CF5-36D3-15F4-2B8E928B2E17}.Debug|Any CPU.Build.0 = Debug|Any CPU
		{0C6B50CF-3CF5-36D3-15F4-2B8E928B2E17}.Release|Any CPU.ActiveCfg = Release|Any CPU
		{0C6B50CF-3CF5-36D3-15F4-2B8E928B2E17}.Release|Any CPU.Build.0 = Release|Any CPU
		{A17A77DE-85F2-14DE-78A1-9FFBF48334E0}.Debug|Any CPU.ActiveCfg = Debug|Any CPU
		{A17A77DE-85F2-14DE-78A1-9FFBF48334E0}.Debug|Any CPU.Build.0 = Debug|Any CPU
		{A17A77DE-85F2-14DE-78A1-9FFBF48334E0}.Release|Any CPU.ActiveCfg = Release|Any CPU
		{A17A77DE-85F2-14DE-78A1-9FFBF48334E0}.Release|Any CPU.Build.0 = Release|Any CPU
		{10973B06-1EAB-0A2F-0E41-D8A31D7A904B}.Debug|Any CPU.ActiveCfg = Debug|Any CPU
		{10973B06-1EAB-0A2F-0E41-D8A31D7A904B}.Debug|Any CPU.Build.0 = Debug|Any CPU
		{10973B06-1EAB-0A2F-0E41-D8A31D7A904B}.Release|Any CPU.ActiveCfg = Release|Any CPU
		{10973B06-1EAB-0A2F-0E41-D8A31D7A904B}.Release|Any CPU.Build.0 = Release|Any CPU
		{C0C38620-FF53-DFAF-0627-CE4B2F67C1AF}.Debug|Any CPU.ActiveCfg = Debug|Any CPU
		{C0C38620-FF53-DFAF-0627-CE4B2F67C1AF}.Debug|Any CPU.Build.0 = Debug|Any CPU
		{C0C38620-FF53-DFAF-0627-CE4B2F67C1AF}.Release|Any CPU.ActiveCfg = Release|Any CPU
		{C0C38620-FF53-DFAF-0627-CE4B2F67C1AF}.Release|Any CPU.Build.0 = Release|Any CPU
		{BAAABEA2-EC1C-0726-6F37-C737182412B8}.Debug|Any CPU.ActiveCfg = Debug|Any CPU
		{BAAABEA2-EC1C-0726-6F37-C737182412B8}.Debug|Any CPU.Build.0 = Debug|Any CPU
		{BAAABEA2-EC1C-0726-6F37-C737182412B8}.Release|Any CPU.ActiveCfg = Release|Any CPU
		{BAAABEA2-EC1C-0726-6F37-C737182412B8}.Release|Any CPU.Build.0 = Release|Any CPU
		{D6654BA1-EAF0-EF9D-6B50-869D24042BCD}.Debug|Any CPU.ActiveCfg = Debug|Any CPU
		{D6654BA1-EAF0-EF9D-6B50-869D24042BCD}.Debug|Any CPU.Build.0 = Debug|Any CPU
		{D6654BA1-EAF0-EF9D-6B50-869D24042BCD}.Release|Any CPU.ActiveCfg = Release|Any CPU
		{D6654BA1-EAF0-EF9D-6B50-869D24042BCD}.Release|Any CPU.Build.0 = Release|Any CPU
		{727A072D-A500-8EE7-34B8-72C89C9BE15C}.Debug|Any CPU.ActiveCfg = Debug|Any CPU
		{727A072D-A500-8EE7-34B8-72C89C9BE15C}.Debug|Any CPU.Build.0 = Debug|Any CPU
		{727A072D-A500-8EE7-34B8-72C89C9BE15C}.Release|Any CPU.ActiveCfg = Release|Any CPU
		{727A072D-A500-8EE7-34B8-72C89C9BE15C}.Release|Any CPU.Build.0 = Release|Any CPU
		{BAA7A819-9E0F-9F67-7183-A9035DF33790}.Debug|Any CPU.ActiveCfg = Debug|Any CPU
		{BAA7A819-9E0F-9F67-7183-A9035DF33790}.Debug|Any CPU.Build.0 = Debug|Any CPU
		{BAA7A819-9E0F-9F67-7183-A9035DF33790}.Release|Any CPU.ActiveCfg = Release|Any CPU
		{BAA7A819-9E0F-9F67-7183-A9035DF33790}.Release|Any CPU.Build.0 = Release|Any CPU
		{7771DD0E-3420-1301-FAEA-FF6FA13327CA}.Debug|Any CPU.ActiveCfg = Debug|Any CPU
		{7771DD0E-3420-1301-FAEA-FF6FA13327CA}.Debug|Any CPU.Build.0 = Debug|Any CPU
		{7771DD0E-3420-1301-FAEA-FF6FA13327CA}.Release|Any CPU.ActiveCfg = Release|Any CPU
		{7771DD0E-3420-1301-FAEA-FF6FA13327CA}.Release|Any CPU.Build.0 = Release|Any CPU
		{88849E93-8213-C43C-5C90-6C9078C78537}.Debug|Any CPU.ActiveCfg = Debug|Any CPU
		{88849E93-8213-C43C-5C90-6C9078C78537}.Debug|Any CPU.Build.0 = Debug|Any CPU
		{88849E93-8213-C43C-5C90-6C9078C78537}.Release|Any CPU.ActiveCfg = Release|Any CPU
		{88849E93-8213-C43C-5C90-6C9078C78537}.Release|Any CPU.Build.0 = Release|Any CPU
		{4E40F5F2-EBF8-0A2B-D08B-7361D2A0D193}.Debug|Any CPU.ActiveCfg = Debug|Any CPU
		{4E40F5F2-EBF8-0A2B-D08B-7361D2A0D193}.Debug|Any CPU.Build.0 = Debug|Any CPU
		{4E40F5F2-EBF8-0A2B-D08B-7361D2A0D193}.Release|Any CPU.ActiveCfg = Release|Any CPU
		{4E40F5F2-EBF8-0A2B-D08B-7361D2A0D193}.Release|Any CPU.Build.0 = Release|Any CPU
		{6F905C79-5803-87A1-56DE-96E0B2C17A52}.Debug|Any CPU.ActiveCfg = Debug|Any CPU
		{6F905C79-5803-87A1-56DE-96E0B2C17A52}.Debug|Any CPU.Build.0 = Debug|Any CPU
		{6F905C79-5803-87A1-56DE-96E0B2C17A52}.Release|Any CPU.ActiveCfg = Release|Any CPU
		{6F905C79-5803-87A1-56DE-96E0B2C17A52}.Release|Any CPU.Build.0 = Release|Any CPU
		{A0E28872-FA28-C0D5-C9D2-D7418475A16D}.Debug|Any CPU.ActiveCfg = Debug|Any CPU
		{A0E28872-FA28-C0D5-C9D2-D7418475A16D}.Debug|Any CPU.Build.0 = Debug|Any CPU
		{A0E28872-FA28-C0D5-C9D2-D7418475A16D}.Release|Any CPU.ActiveCfg = Release|Any CPU
		{A0E28872-FA28-C0D5-C9D2-D7418475A16D}.Release|Any CPU.Build.0 = Release|Any CPU
		{9A0AEF41-267D-D59C-55AA-6EBE50D56871}.Debug|Any CPU.ActiveCfg = Debug|Any CPU
		{9A0AEF41-267D-D59C-55AA-6EBE50D56871}.Debug|Any CPU.Build.0 = Debug|Any CPU
		{9A0AEF41-267D-D59C-55AA-6EBE50D56871}.Release|Any CPU.ActiveCfg = Release|Any CPU
		{9A0AEF41-267D-D59C-55AA-6EBE50D56871}.Release|Any CPU.Build.0 = Release|Any CPU
		{42816819-0F91-0FC3-03A5-954AB670DC6F}.Debug|Any CPU.ActiveCfg = Debug|Any CPU
		{42816819-0F91-0FC3-03A5-954AB670DC6F}.Debug|Any CPU.Build.0 = Debug|Any CPU
		{42816819-0F91-0FC3-03A5-954AB670DC6F}.Release|Any CPU.ActiveCfg = Release|Any CPU
		{42816819-0F91-0FC3-03A5-954AB670DC6F}.Release|Any CPU.Build.0 = Release|Any CPU
		{A5C39E80-191B-2D2F-65DB-07BE5AD1978B}.Debug|Any CPU.ActiveCfg = Debug|Any CPU
		{A5C39E80-191B-2D2F-65DB-07BE5AD1978B}.Debug|Any CPU.Build.0 = Debug|Any CPU
		{A5C39E80-191B-2D2F-65DB-07BE5AD1978B}.Release|Any CPU.ActiveCfg = Release|Any CPU
		{A5C39E80-191B-2D2F-65DB-07BE5AD1978B}.Release|Any CPU.Build.0 = Release|Any CPU
		{03159DA2-11ED-96B3-4D0B-DAED213386A1}.Debug|Any CPU.ActiveCfg = Debug|Any CPU
		{03159DA2-11ED-96B3-4D0B-DAED213386A1}.Debug|Any CPU.Build.0 = Debug|Any CPU
		{03159DA2-11ED-96B3-4D0B-DAED213386A1}.Release|Any CPU.ActiveCfg = Release|Any CPU
		{03159DA2-11ED-96B3-4D0B-DAED213386A1}.Release|Any CPU.Build.0 = Release|Any CPU
		{23802EFA-A98D-7B00-427F-B028E9BCC58A}.Debug|Any CPU.ActiveCfg = Debug|Any CPU
		{23802EFA-A98D-7B00-427F-B028E9BCC58A}.Debug|Any CPU.Build.0 = Debug|Any CPU
		{23802EFA-A98D-7B00-427F-B028E9BCC58A}.Release|Any CPU.ActiveCfg = Release|Any CPU
		{23802EFA-A98D-7B00-427F-B028E9BCC58A}.Release|Any CPU.Build.0 = Release|Any CPU
		{C852CEE4-6E4E-E0B9-C9D2-36C3A3DCB188}.Debug|Any CPU.ActiveCfg = Debug|Any CPU
		{C852CEE4-6E4E-E0B9-C9D2-36C3A3DCB188}.Debug|Any CPU.Build.0 = Debug|Any CPU
		{C852CEE4-6E4E-E0B9-C9D2-36C3A3DCB188}.Release|Any CPU.ActiveCfg = Release|Any CPU
		{C852CEE4-6E4E-E0B9-C9D2-36C3A3DCB188}.Release|Any CPU.Build.0 = Release|Any CPU
		{63449BDB-4227-ACF4-EE0D-82C3A94B5709}.Debug|Any CPU.ActiveCfg = Debug|Any CPU
		{63449BDB-4227-ACF4-EE0D-82C3A94B5709}.Debug|Any CPU.Build.0 = Debug|Any CPU
		{63449BDB-4227-ACF4-EE0D-82C3A94B5709}.Release|Any CPU.ActiveCfg = Release|Any CPU
		{63449BDB-4227-ACF4-EE0D-82C3A94B5709}.Release|Any CPU.Build.0 = Release|Any CPU
		{9281D2A8-40C7-0CCC-E548-01C941F77F49}.Debug|Any CPU.ActiveCfg = Debug|Any CPU
		{9281D2A8-40C7-0CCC-E548-01C941F77F49}.Debug|Any CPU.Build.0 = Debug|Any CPU
		{9281D2A8-40C7-0CCC-E548-01C941F77F49}.Release|Any CPU.ActiveCfg = Release|Any CPU
		{9281D2A8-40C7-0CCC-E548-01C941F77F49}.Release|Any CPU.Build.0 = Release|Any CPU
		{802D0B97-D39A-09D7-EE7E-F4726019A0C0}.Debug|Any CPU.ActiveCfg = Debug|Any CPU
		{802D0B97-D39A-09D7-EE7E-F4726019A0C0}.Debug|Any CPU.Build.0 = Debug|Any CPU
		{802D0B97-D39A-09D7-EE7E-F4726019A0C0}.Release|Any CPU.ActiveCfg = Release|Any CPU
		{802D0B97-D39A-09D7-EE7E-F4726019A0C0}.Release|Any CPU.Build.0 = Release|Any CPU
		{748BE044-3FFB-AED0-CEBB-79178BE0D6B1}.Debug|Any CPU.ActiveCfg = Debug|Any CPU
		{748BE044-3FFB-AED0-CEBB-79178BE0D6B1}.Debug|Any CPU.Build.0 = Debug|Any CPU
		{748BE044-3FFB-AED0-CEBB-79178BE0D6B1}.Release|Any CPU.ActiveCfg = Release|Any CPU
		{748BE044-3FFB-AED0-CEBB-79178BE0D6B1}.Release|Any CPU.Build.0 = Release|Any CPU
		{4DBF14C0-38B5-BF51-00CB-84E66A885D3E}.Debug|Any CPU.ActiveCfg = Debug|Any CPU
		{4DBF14C0-38B5-BF51-00CB-84E66A885D3E}.Debug|Any CPU.Build.0 = Debug|Any CPU
		{4DBF14C0-38B5-BF51-00CB-84E66A885D3E}.Release|Any CPU.ActiveCfg = Release|Any CPU
		{4DBF14C0-38B5-BF51-00CB-84E66A885D3E}.Release|Any CPU.Build.0 = Release|Any CPU
		{D64181E8-C9EA-C914-B5CF-2AA53D07A583}.Debug|Any CPU.ActiveCfg = Debug|Any CPU
		{D64181E8-C9EA-C914-B5CF-2AA53D07A583}.Debug|Any CPU.Build.0 = Debug|Any CPU
		{D64181E8-C9EA-C914-B5CF-2AA53D07A583}.Release|Any CPU.ActiveCfg = Release|Any CPU
		{D64181E8-C9EA-C914-B5CF-2AA53D07A583}.Release|Any CPU.Build.0 = Release|Any CPU
		{3F14230D-AAF6-2407-C561-65F6298B3AB9}.Debug|Any CPU.ActiveCfg = Debug|Any CPU
		{3F14230D-AAF6-2407-C561-65F6298B3AB9}.Debug|Any CPU.Build.0 = Debug|Any CPU
		{3F14230D-AAF6-2407-C561-65F6298B3AB9}.Release|Any CPU.ActiveCfg = Release|Any CPU
		{3F14230D-AAF6-2407-C561-65F6298B3AB9}.Release|Any CPU.Build.0 = Release|Any CPU
		{E5CAFE26-F98F-A6A2-8402-A7FD360E2652}.Debug|Any CPU.ActiveCfg = Debug|Any CPU
		{E5CAFE26-F98F-A6A2-8402-A7FD360E2652}.Debug|Any CPU.Build.0 = Debug|Any CPU
		{E5CAFE26-F98F-A6A2-8402-A7FD360E2652}.Release|Any CPU.ActiveCfg = Release|Any CPU
		{E5CAFE26-F98F-A6A2-8402-A7FD360E2652}.Release|Any CPU.Build.0 = Release|Any CPU
		{91A7DA03-16A5-C4D6-C923-FD0E78E75CD6}.Debug|Any CPU.ActiveCfg = Debug|Any CPU
		{91A7DA03-16A5-C4D6-C923-FD0E78E75CD6}.Debug|Any CPU.Build.0 = Debug|Any CPU
		{91A7DA03-16A5-C4D6-C923-FD0E78E75CD6}.Release|Any CPU.ActiveCfg = Release|Any CPU
		{91A7DA03-16A5-C4D6-C923-FD0E78E75CD6}.Release|Any CPU.Build.0 = Release|Any CPU
		{5627F967-0D20-915D-CAF2-926423FDFDC8}.Debug|Any CPU.ActiveCfg = Debug|Any CPU
		{5627F967-0D20-915D-CAF2-926423FDFDC8}.Debug|Any CPU.Build.0 = Debug|Any CPU
		{5627F967-0D20-915D-CAF2-926423FDFDC8}.Release|Any CPU.ActiveCfg = Release|Any CPU
		{5627F967-0D20-915D-CAF2-926423FDFDC8}.Release|Any CPU.Build.0 = Release|Any CPU
		{082BEC62-F4BE-7C3D-C1CE-E9D5B6D48E2B}.Debug|Any CPU.ActiveCfg = Debug|Any CPU
		{082BEC62-F4BE-7C3D-C1CE-E9D5B6D48E2B}.Debug|Any CPU.Build.0 = Debug|Any CPU
		{082BEC62-F4BE-7C3D-C1CE-E9D5B6D48E2B}.Release|Any CPU.ActiveCfg = Release|Any CPU
		{082BEC62-F4BE-7C3D-C1CE-E9D5B6D48E2B}.Release|Any CPU.Build.0 = Release|Any CPU
		{DE002248-614F-11DD-030F-39587CC89A03}.Debug|Any CPU.ActiveCfg = Debug|Any CPU
		{DE002248-614F-11DD-030F-39587CC89A03}.Debug|Any CPU.Build.0 = Debug|Any CPU
		{DE002248-614F-11DD-030F-39587CC89A03}.Release|Any CPU.ActiveCfg = Release|Any CPU
		{DE002248-614F-11DD-030F-39587CC89A03}.Release|Any CPU.Build.0 = Release|Any CPU
		{9663693E-35C2-3629-7A1C-DBD074FE3638}.Debug|Any CPU.ActiveCfg = Debug|Any CPU
		{9663693E-35C2-3629-7A1C-DBD074FE3638}.Debug|Any CPU.Build.0 = Debug|Any CPU
		{9663693E-35C2-3629-7A1C-DBD074FE3638}.Release|Any CPU.ActiveCfg = Release|Any CPU
		{9663693E-35C2-3629-7A1C-DBD074FE3638}.Release|Any CPU.Build.0 = Release|Any CPU
		{EC5B905E-C49C-1690-B030-0B009685842F}.Debug|Any CPU.ActiveCfg = Debug|Any CPU
		{EC5B905E-C49C-1690-B030-0B009685842F}.Debug|Any CPU.Build.0 = Debug|Any CPU
		{EC5B905E-C49C-1690-B030-0B009685842F}.Release|Any CPU.ActiveCfg = Release|Any CPU
		{EC5B905E-C49C-1690-B030-0B009685842F}.Release|Any CPU.Build.0 = Release|Any CPU
		{AF6DB769-B619-21C5-EE02-45C677155A42}.Debug|Any CPU.ActiveCfg = Debug|Any CPU
		{AF6DB769-B619-21C5-EE02-45C677155A42}.Debug|Any CPU.Build.0 = Debug|Any CPU
		{AF6DB769-B619-21C5-EE02-45C677155A42}.Release|Any CPU.ActiveCfg = Release|Any CPU
		{AF6DB769-B619-21C5-EE02-45C677155A42}.Release|Any CPU.Build.0 = Release|Any CPU
		{8C117658-8195-FE52-9CF9-5070822EC592}.Debug|Any CPU.ActiveCfg = Debug|Any CPU
		{8C117658-8195-FE52-9CF9-5070822EC592}.Debug|Any CPU.Build.0 = Debug|Any CPU
		{8C117658-8195-FE52-9CF9-5070822EC592}.Release|Any CPU.ActiveCfg = Release|Any CPU
		{8C117658-8195-FE52-9CF9-5070822EC592}.Release|Any CPU.Build.0 = Release|Any CPU
		{45B35E34-18E4-FD23-86E2-FD12C3E722BF}.Debug|Any CPU.ActiveCfg = Debug|Any CPU
		{45B35E34-18E4-FD23-86E2-FD12C3E722BF}.Debug|Any CPU.Build.0 = Debug|Any CPU
		{45B35E34-18E4-FD23-86E2-FD12C3E722BF}.Release|Any CPU.ActiveCfg = Release|Any CPU
		{45B35E34-18E4-FD23-86E2-FD12C3E722BF}.Release|Any CPU.Build.0 = Release|Any CPU
		{ADE6A39F-B816-F149-ACCD-12B6FB09A931}.Debug|Any CPU.ActiveCfg = Debug|Any CPU
		{ADE6A39F-B816-F149-ACCD-12B6FB09A931}.Debug|Any CPU.Build.0 = Debug|Any CPU
		{ADE6A39F-B816-F149-ACCD-12B6FB09A931}.Release|Any CPU.ActiveCfg = Release|Any CPU
		{ADE6A39F-B816-F149-ACCD-12B6FB09A931}.Release|Any CPU.Build.0 = Release|Any CPU
		{F3E21C13-D9DA-01B3-E8B2-064E5F1A9544}.Debug|Any CPU.ActiveCfg = Debug|Any CPU
		{F3E21C13-D9DA-01B3-E8B2-064E5F1A9544}.Debug|Any CPU.Build.0 = Debug|Any CPU
		{F3E21C13-D9DA-01B3-E8B2-064E5F1A9544}.Release|Any CPU.ActiveCfg = Release|Any CPU
		{F3E21C13-D9DA-01B3-E8B2-064E5F1A9544}.Release|Any CPU.Build.0 = Release|Any CPU
		{4EA7DA2B-9F89-7F06-647A-8C168C321A43}.Debug|Any CPU.ActiveCfg = Debug|Any CPU
		{4EA7DA2B-9F89-7F06-647A-8C168C321A43}.Debug|Any CPU.Build.0 = Debug|Any CPU
		{4EA7DA2B-9F89-7F06-647A-8C168C321A43}.Release|Any CPU.ActiveCfg = Release|Any CPU
		{4EA7DA2B-9F89-7F06-647A-8C168C321A43}.Release|Any CPU.Build.0 = Release|Any CPU
		{C706F9F7-4B4A-96CD-8057-05714D896F08}.Debug|Any CPU.ActiveCfg = Debug|Any CPU
		{C706F9F7-4B4A-96CD-8057-05714D896F08}.Debug|Any CPU.Build.0 = Debug|Any CPU
		{C706F9F7-4B4A-96CD-8057-05714D896F08}.Release|Any CPU.ActiveCfg = Release|Any CPU
		{C706F9F7-4B4A-96CD-8057-05714D896F08}.Release|Any CPU.Build.0 = Release|Any CPU
		{79D8D006-22AE-9487-DD60-CE739F322443}.Debug|Any CPU.ActiveCfg = Debug|Any CPU
		{79D8D006-22AE-9487-DD60-CE739F322443}.Debug|Any CPU.Build.0 = Debug|Any CPU
		{79D8D006-22AE-9487-DD60-CE739F322443}.Release|Any CPU.ActiveCfg = Release|Any CPU
		{79D8D006-22AE-9487-DD60-CE739F322443}.Release|Any CPU.Build.0 = Release|Any CPU
		{C42B583C-0D63-245B-4EBF-43A6EB35B581}.Debug|Any CPU.ActiveCfg = Debug|Any CPU
		{C42B583C-0D63-245B-4EBF-43A6EB35B581}.Debug|Any CPU.Build.0 = Debug|Any CPU
		{C42B583C-0D63-245B-4EBF-43A6EB35B581}.Release|Any CPU.ActiveCfg = Release|Any CPU
		{C42B583C-0D63-245B-4EBF-43A6EB35B581}.Release|Any CPU.Build.0 = Release|Any CPU
		{B07E4F0E-0A5D-4D1F-8BA4-CCB411C551A0}.Debug|Any CPU.ActiveCfg = Debug|Any CPU
		{B07E4F0E-0A5D-4D1F-8BA4-CCB411C551A0}.Debug|Any CPU.Build.0 = Debug|Any CPU
		{B07E4F0E-0A5D-4D1F-8BA4-CCB411C551A0}.Release|Any CPU.ActiveCfg = Release|Any CPU
		{B07E4F0E-0A5D-4D1F-8BA4-CCB411C551A0}.Release|Any CPU.Build.0 = Release|Any CPU
		{66FFF2D5-B67C-27C5-A38E-8D78DED5378D}.Debug|Any CPU.ActiveCfg = Debug|Any CPU
		{66FFF2D5-B67C-27C5-A38E-8D78DED5378D}.Debug|Any CPU.Build.0 = Debug|Any CPU
		{66FFF2D5-B67C-27C5-A38E-8D78DED5378D}.Release|Any CPU.ActiveCfg = Release|Any CPU
		{66FFF2D5-B67C-27C5-A38E-8D78DED5378D}.Release|Any CPU.Build.0 = Release|Any CPU
		{D3163812-BC23-9AC2-D774-BC2CC7B4FD32}.Debug|Any CPU.ActiveCfg = Debug|Any CPU
		{D3163812-BC23-9AC2-D774-BC2CC7B4FD32}.Debug|Any CPU.Build.0 = Debug|Any CPU
		{D3163812-BC23-9AC2-D774-BC2CC7B4FD32}.Release|Any CPU.ActiveCfg = Release|Any CPU
		{D3163812-BC23-9AC2-D774-BC2CC7B4FD32}.Release|Any CPU.Build.0 = Release|Any CPU
		{64A4DAE3-08CA-2D7B-4C3C-6C656FD69625}.Debug|Any CPU.ActiveCfg = Debug|Any CPU
		{64A4DAE3-08CA-2D7B-4C3C-6C656FD69625}.Debug|Any CPU.Build.0 = Debug|Any CPU
		{64A4DAE3-08CA-2D7B-4C3C-6C656FD69625}.Release|Any CPU.ActiveCfg = Release|Any CPU
		{64A4DAE3-08CA-2D7B-4C3C-6C656FD69625}.Release|Any CPU.Build.0 = Release|Any CPU
		{E79E5EB1-62BB-3FE9-E4E9-74AD3DB3B651}.Debug|Any CPU.ActiveCfg = Debug|Any CPU
		{E79E5EB1-62BB-3FE9-E4E9-74AD3DB3B651}.Debug|Any CPU.Build.0 = Debug|Any CPU
		{E79E5EB1-62BB-3FE9-E4E9-74AD3DB3B651}.Release|Any CPU.ActiveCfg = Release|Any CPU
		{E79E5EB1-62BB-3FE9-E4E9-74AD3DB3B651}.Release|Any CPU.Build.0 = Release|Any CPU
		{0E7F4E34-D9DB-BCA1-ED4B-6B05047E7D53}.Debug|Any CPU.ActiveCfg = Debug|Any CPU
		{0E7F4E34-D9DB-BCA1-ED4B-6B05047E7D53}.Debug|Any CPU.Build.0 = Debug|Any CPU
		{0E7F4E34-D9DB-BCA1-ED4B-6B05047E7D53}.Release|Any CPU.ActiveCfg = Release|Any CPU
		{0E7F4E34-D9DB-BCA1-ED4B-6B05047E7D53}.Release|Any CPU.Build.0 = Release|Any CPU
		{54F8FA65-843D-69FF-E82E-CAEA1AE8C5FD}.Debug|Any CPU.ActiveCfg = Debug|Any CPU
		{54F8FA65-843D-69FF-E82E-CAEA1AE8C5FD}.Debug|Any CPU.Build.0 = Debug|Any CPU
		{54F8FA65-843D-69FF-E82E-CAEA1AE8C5FD}.Release|Any CPU.ActiveCfg = Release|Any CPU
		{54F8FA65-843D-69FF-E82E-CAEA1AE8C5FD}.Release|Any CPU.Build.0 = Release|Any CPU
		{9B15F2A4-E26F-3775-1ADA-3C754FA6DF8B}.Debug|Any CPU.ActiveCfg = Debug|Any CPU
		{9B15F2A4-E26F-3775-1ADA-3C754FA6DF8B}.Debug|Any CPU.Build.0 = Debug|Any CPU
		{9B15F2A4-E26F-3775-1ADA-3C754FA6DF8B}.Release|Any CPU.ActiveCfg = Release|Any CPU
		{9B15F2A4-E26F-3775-1ADA-3C754FA6DF8B}.Release|Any CPU.Build.0 = Release|Any CPU
		{BCFAADC2-125F-DD58-069A-F68575AAE790}.Debug|Any CPU.ActiveCfg = Debug|Any CPU
		{BCFAADC2-125F-DD58-069A-F68575AAE790}.Debug|Any CPU.Build.0 = Debug|Any CPU
		{BCFAADC2-125F-DD58-069A-F68575AAE790}.Release|Any CPU.ActiveCfg = Release|Any CPU
		{BCFAADC2-125F-DD58-069A-F68575AAE790}.Release|Any CPU.Build.0 = Release|Any CPU
		{6649F1F7-673A-1F12-1BE5-D71B15630770}.Debug|Any CPU.ActiveCfg = Debug|Any CPU
		{6649F1F7-673A-1F12-1BE5-D71B15630770}.Debug|Any CPU.Build.0 = Debug|Any CPU
		{6649F1F7-673A-1F12-1BE5-D71B15630770}.Release|Any CPU.ActiveCfg = Release|Any CPU
		{6649F1F7-673A-1F12-1BE5-D71B15630770}.Release|Any CPU.Build.0 = Release|Any CPU
		{2D5A74E3-F038-F69D-BAD9-93B8622F44FC}.Debug|Any CPU.ActiveCfg = Debug|Any CPU
		{2D5A74E3-F038-F69D-BAD9-93B8622F44FC}.Debug|Any CPU.Build.0 = Debug|Any CPU
		{2D5A74E3-F038-F69D-BAD9-93B8622F44FC}.Release|Any CPU.ActiveCfg = Release|Any CPU
		{2D5A74E3-F038-F69D-BAD9-93B8622F44FC}.Release|Any CPU.Build.0 = Release|Any CPU
		{989597CD-4266-B56E-BAE1-127065ACD09E}.Debug|Any CPU.ActiveCfg = Debug|Any CPU
		{989597CD-4266-B56E-BAE1-127065ACD09E}.Debug|Any CPU.Build.0 = Debug|Any CPU
		{989597CD-4266-B56E-BAE1-127065ACD09E}.Release|Any CPU.ActiveCfg = Release|Any CPU
		{989597CD-4266-B56E-BAE1-127065ACD09E}.Release|Any CPU.Build.0 = Release|Any CPU
		{1ADDF464-7698-C4EB-2592-D24798159C78}.Debug|Any CPU.ActiveCfg = Debug|Any CPU
		{1ADDF464-7698-C4EB-2592-D24798159C78}.Debug|Any CPU.Build.0 = Debug|Any CPU
		{1ADDF464-7698-C4EB-2592-D24798159C78}.Release|Any CPU.ActiveCfg = Release|Any CPU
		{1ADDF464-7698-C4EB-2592-D24798159C78}.Release|Any CPU.Build.0 = Release|Any CPU
	EndGlobalSection
	GlobalSection(SolutionProperties) = preSolution
		HideSolutionNode = FALSE
	EndGlobalSection
EndGlobal
