
Microsoft Visual Studio Solution File, Format Version 11.00
# Visual Studio 2010
Project("{FAE04EC0-301F-11D3-BF4B-00C04F79EFBC}") = "Unity.Timeline", "Unity.Timeline.csproj", "{9d85af09-0e74-5319-65ac-34cdba23bc99}"
EndProject
Project("{FAE04EC0-301F-11D3-BF4B-00C04F79EFBC}") = "Unity.Timeline.Editor", "Unity.Timeline.Editor.csproj", "{795c906f-0358-a187-56de-96e0b2c17a52}"
EndProject
Project("{FAE04EC0-301F-11D3-BF4B-00C04F79EFBC}") = "SingularityGroup.HotReload.Runtime", "SingularityGroup.HotReload.Runtime.csproj", "{06c39e1c-5cd5-6499-9849-f6d52ad50928}"
EndProject
Project("{FAE04EC0-301F-11D3-BF4B-00C04F79EFBC}") = "Unity.TextMeshPro.Editor", "Unity.TextMeshPro.Editor.csproj", "{41ef0a9a-7d26-9cd5-55aa-6ebe50d56871}"
EndProject
Project("{FAE04EC0-301F-11D3-BF4B-00C04F79EFBC}") = "Unity.VisualScripting.Flow", "Unity.VisualScripting.Flow.csproj", "{388016eb-fccf-55db-7e2a-40b8fee355cf}"
EndProject
Project("{FAE04EC0-301F-11D3-BF4B-00C04F79EFBC}") = "UnityEditor.UI", "UnityEditor.UI.csproj", "{44e08b74-fb3f-d0ae-cebb-79178be0d6b1}"
EndProject
Project("{FAE04EC0-301F-11D3-BF4B-00C04F79EFBC}") = "Unity.PlasticSCM.Editor", "Unity.PlasticSCM.Editor.csproj", "{19a8a7ba-0f9e-679f-7183-a9035df33790}"
EndProject
Project("{FAE04EC0-301F-11D3-BF4B-00C04F79EFBC}") = "Unity.VisualScripting.Core", "Unity.VisualScripting.Core.csproj", "{f8b230d3-ae39-e46a-964a-da2d078982fe}"
EndProject
Project("{FAE04EC0-301F-11D3-BF4B-00C04F79EFBC}") = "Unity.VisualScripting.Core.Editor", "Unity.VisualScripting.Core.Editor.csproj", "{0edd7177-2034-0113-faea-ff6fa13327ca}"
EndProject
Project("{FAE04EC0-301F-11D3-BF4B-00C04F79EFBC}") = "Unity.VisualScripting.Flow.Editor", "Unity.VisualScripting.Flow.Editor.csproj", "{939e8488-1382-3cc4-5c90-6c9078c78537}"
EndProject
Project("{FAE04EC0-301F-11D3-BF4B-00C04F79EFBC}") = "UnityEditor.TestRunner", "UnityEditor.TestRunner.csproj", "{a29d1503-ed11-b396-4d0b-daed213386a1}"
EndProject
Project("{FAE04EC0-301F-11D3-BF4B-00C04F79EFBC}") = "Unity.VisualScripting.SettingsProvider.Editor", "Unity.VisualScripting.SettingsProvider.Editor.csproj", "{19688142-910f-c30f-03a5-954ab670dc6f}"
EndProject
Project("{FAE04EC0-301F-11D3-BF4B-00C04F79EFBC}") = "UnityEngine.TestRunner", "UnityEngine.TestRunner.csproj", "{afe5ba60-7d0b-ec50-26fa-3a05e8fa5157}"
EndProject
Project("{FAE04EC0-301F-11D3-BF4B-00C04F79EFBC}") = "SingularityGroup.HotReload.Editor", "SingularityGroup.HotReload.Editor.csproj", "{e336cddb-f3ef-7357-f225-0185abe9ba6c}"
EndProject
Project("{FAE04EC0-301F-11D3-BF4B-00C04F79EFBC}") = "UnityEngine.UI", "UnityEngine.UI.csproj", "{6511ca63-7e9e-2aee-17e7-a6423ae78a90}"
EndProject
Project("{FAE04EC0-301F-11D3-BF4B-00C04F79EFBC}") = "Unity.AI.Navigation.Editor", "Unity.AI.Navigation.Editor.csproj", "{00b28ee6-d7a3-51a5-72bd-847ca00c0e56}"
EndProject
Project("{FAE04EC0-301F-11D3-BF4B-00C04F79EFBC}") = "Unity.VisualStudio.Editor", "Unity.VisualStudio.Editor.csproj", "{f2f5404e-f8eb-2b0a-d08b-7361d2a0d193}"
EndProject
Project("{FAE04EC0-301F-11D3-BF4B-00C04F79EFBC}") = "Assembly-CSharp", "Assembly-CSharp.csproj", "{9ff5ceda-4643-ee7d-0e92-9aba6f62cb71}"
EndProject
Project("{FAE04EC0-301F-11D3-BF4B-00C04F79EFBC}") = "Unity.TestTools.CodeCoverage.Editor.OpenCover.Model", "Unity.TestTools.CodeCoverage.Editor.OpenCover.Model.csproj", "{e88141d6-eac9-14c9-b5cf-2aa53d07a583}"
EndProject
Project("{FAE04EC0-301F-11D3-BF4B-00C04F79EFBC}") = "Unity.Rider.Editor", "Unity.Rider.Editor.csproj", "{db9b4463-2742-f4ac-ee0d-82c3a94b5709}"
EndProject
Project("{FAE04EC0-301F-11D3-BF4B-00C04F79EFBC}") = "Unity.AI.Navigation", "Unity.AI.Navigation.csproj", "{efb60de4-ec30-aab2-661c-740a0c879a0c}"
EndProject
Project("{FAE04EC0-301F-11D3-BF4B-00C04F79EFBC}") = "Unity.AI.Navigation.Editor.ConversionSystem", "Unity.AI.Navigation.Editor.ConversionSystem.csproj", "{3807b763-92bf-1366-0925-ade23ab7dbec}"
EndProject
Project("{FAE04EC0-301F-11D3-BF4B-00C04F79EFBC}") = "Unity.VisualScripting.State.Editor", "Unity.VisualScripting.State.Editor.csproj", "{7288e2a0-28fa-d5c0-c9d2-d7418475a16d}"
EndProject
Project("{FAE04EC0-301F-11D3-BF4B-00C04F79EFBC}") = "Unity.TestTools.CodeCoverage.Editor", "Unity.TestTools.CodeCoverage.Editor.csproj", "{e4ce52c8-4e6e-b9e0-c9d2-36c3a3dcb188}"
EndProject
Project("{FAE04EC0-301F-11D3-BF4B-00C04F79EFBC}") = "Unity.VisualScripting.State", "Unity.VisualScripting.State.csproj", "{7920cf53-d17a-0f84-8f45-5b70ec872ea0}"
EndProject
Project("{FAE04EC0-301F-11D3-BF4B-00C04F79EFBC}") = "Unity.TextMeshPro", "Unity.TextMeshPro.csproj", "{a5cfa684-aa39-15aa-b143-2cb63dcd69ce}"
EndProject
Project("{FAE04EC0-301F-11D3-BF4B-00C04F79EFBC}") = "Unity.Performance.Profile-Analyzer.Editor", "Unity.Performance.Profile-Analyzer.Editor.csproj", "{a8d28192-c740-cc0c-e548-01c941f77f49}"
EndProject
Project("{FAE04EC0-301F-11D3-BF4B-00C04F79EFBC}") = "Wooshii.HierarchyDecorator.Editor", "Wooshii.HierarchyDecorator.Editor.csproj", "{5e905bec-9cc4-9016-b030-0b009685842f}"
EndProject
Project("{FAE04EC0-301F-11D3-BF4B-00C04F79EFBC}") = "Unity.VSCode.Editor", "Unity.VSCode.Editor.csproj", "{970b2d80-9ad3-d709-ee7e-f4726019a0c0}"
EndProject
Project("{FAE04EC0-301F-11D3-BF4B-00C04F79EFBC}") = "Unity.TestTools.CodeCoverage.Editor.OpenCover.Mono.Reflection", "Unity.TestTools.CodeCoverage.Editor.OpenCover.Mono.Reflection.csproj", "{62ec2b08-bef4-3d7c-c1ce-e9d5b6d48e2b}"
EndProject
Project("{FAE04EC0-301F-11D3-BF4B-00C04F79EFBC}") = "Unity.AI.Navigation.Updater", "Unity.AI.Navigation.Updater.csproj", "{05928b10-3635-6427-104f-091ff93a91ee}"
EndProject
Project("{FAE04EC0-301F-11D3-BF4B-00C04F79EFBC}") = "Unity.Settings.Editor", "Unity.Settings.Editor.csproj", "{c014bf4d-b538-51bf-00cb-84e66a885d3e}"
EndProject
Project("{FAE04EC0-301F-11D3-BF4B-00C04F79EFBC}") = "Wooshii.HierarchyDecorator", "Wooshii.HierarchyDecorator.csproj", "{2d077a72-00a5-e78e-34b8-72c89c9be15c}"
EndProject
Project("{FAE04EC0-301F-11D3-BF4B-00C04F79EFBC}") = "Unity.EditorCoroutines.Editor", "Unity.EditorCoroutines.Editor.csproj", "{0d23143f-f6aa-0724-c561-65f6298b3ab9}"
EndProject
Project("{FAE04EC0-301F-11D3-BF4B-00C04F79EFBC}") = "Unity.VisualScripting.Shared.Editor", "Unity.VisualScripting.Shared.Editor.csproj", "{482200de-4f61-dd11-030f-39587cc89a03}"
EndProject
Project("{FAE04EC0-301F-11D3-BF4B-00C04F79EFBC}") = "Assembly-CSharp-Editor", "Assembly-CSharp-Editor.csproj", "{3e696396-c235-2936-7a1c-dbd074fe3638}"
EndProject
Project("{FAE04EC0-301F-11D3-BF4B-00C04F79EFBC}") = "Unity.CollabProxy.Editor", "Unity.CollabProxy.Editor.csproj", "{809ec3a5-1b19-2f2d-65db-07be5ad1978b}"
EndProject
Project("{FAE04EC0-301F-11D3-BF4B-00C04F79EFBC}") = "UnityEngine.UI.Tests", "UnityEngine.UI.Tests.csproj", "{0c0cd9e7-60bd-235b-e3ca-22c610854502}"
EndProject
Project("{FAE04EC0-301F-11D3-BF4B-00C04F79EFBC}") = "UnityEditor.UI.EditorTests", "UnityEditor.UI.EditorTests.csproj", "{5d3a572c-0cd2-6757-aa04-05831089b9f5}"
EndProject
Project("{FAE04EC0-301F-11D3-BF4B-00C04F79EFBC}") = "Unity.TextMeshPro.Tests", "Unity.TextMeshPro.Tests.csproj", "{eb97f9d7-04a0-b252-3d3a-f4a231340650}"
EndProject
Project("{FAE04EC0-301F-11D3-BF4B-00C04F79EFBC}") = "DocCodeExamples", "DocCodeExamples.csproj", "{006990b8-dda0-0bc2-d48d-c63bdb311e02}"
EndProject
Project("{FAE04EC0-301F-11D3-BF4B-00C04F79EFBC}") = "Unity.AI.Navigation.Tests", "Unity.AI.Navigation.Tests.csproj", "{9db56c02-0f5c-202d-92d6-1e498b3df580}"
EndProject
Project("{FAE04EC0-301F-11D3-BF4B-00C04F79EFBC}") = "Unity.TestTools.CodeCoverage.Editor.Compatibility", "Unity.TestTools.CodeCoverage.Editor.Compatibility.csproj", "{e5837aa6-b37b-1b07-4e77-d5b2278cfa06}"
EndProject
Project("{FAE04EC0-301F-11D3-BF4B-00C04F79EFBC}") = "Unity.TextMeshPro.Editor.Tests", "Unity.TextMeshPro.Editor.Tests.csproj", "{3a7f05cd-0d55-49cd-ff61-9e5d6b517c85}"
EndProject
Project("{FAE04EC0-301F-11D3-BF4B-00C04F79EFBC}") = "Unity.Settings.Tests", "Unity.Settings.Tests.csproj", "{5039187b-d9fa-f719-d5a6-2538e681b6d8}"
EndProject
Project("{FAE04EC0-301F-11D3-BF4B-00C04F79EFBC}") = "Unity.AI.Navigation.Editor.Tests", "Unity.AI.Navigation.Editor.Tests.csproj", "{4d72ea3d-5dfb-cf41-d3f5-31f484b8d155}"
EndProject
Project("{FAE04EC0-301F-11D3-BF4B-00C04F79EFBC}") = "Unity.Performance.Profile-Analyzer.EditorTests", "Unity.Performance.Profile-Analyzer.EditorTests.csproj", "{9a8ead10-272e-eb6d-e126-bcf8293554a9}"
EndProject
Global
	GlobalSection(SolutionConfigurationPlatforms) = preSolution
		Debug|Any CPU = Debug|Any CPU
	EndGlobalSection
	GlobalSection(ProjectConfigurationPlatforms) = postSolution
		{9d85af09-0e74-5319-65ac-34cdba23bc99}.Debug|Any CPU.ActiveCfg = Debug|Any CPU
		{9d85af09-0e74-5319-65ac-34cdba23bc99}.Debug|Any CPU.Build.0 = Debug|Any CPU
		{795c906f-0358-a187-56de-96e0b2c17a52}.Debug|Any CPU.ActiveCfg = Debug|Any CPU
		{795c906f-0358-a187-56de-96e0b2c17a52}.Debug|Any CPU.Build.0 = Debug|Any CPU
		{06c39e1c-5cd5-6499-9849-f6d52ad50928}.Debug|Any CPU.ActiveCfg = Debug|Any CPU
		{06c39e1c-5cd5-6499-9849-f6d52ad50928}.Debug|Any CPU.Build.0 = Debug|Any CPU
		{41ef0a9a-7d26-9cd5-55aa-6ebe50d56871}.Debug|Any CPU.ActiveCfg = Debug|Any CPU
		{41ef0a9a-7d26-9cd5-55aa-6ebe50d56871}.Debug|Any CPU.Build.0 = Debug|Any CPU
		{388016eb-fccf-55db-7e2a-40b8fee355cf}.Debug|Any CPU.ActiveCfg = Debug|Any CPU
		{388016eb-fccf-55db-7e2a-40b8fee355cf}.Debug|Any CPU.Build.0 = Debug|Any CPU
		{44e08b74-fb3f-d0ae-cebb-79178be0d6b1}.Debug|Any CPU.ActiveCfg = Debug|Any CPU
		{44e08b74-fb3f-d0ae-cebb-79178be0d6b1}.Debug|Any CPU.Build.0 = Debug|Any CPU
		{19a8a7ba-0f9e-679f-7183-a9035df33790}.Debug|Any CPU.ActiveCfg = Debug|Any CPU
		{19a8a7ba-0f9e-679f-7183-a9035df33790}.Debug|Any CPU.Build.0 = Debug|Any CPU
		{f8b230d3-ae39-e46a-964a-da2d078982fe}.Debug|Any CPU.ActiveCfg = Debug|Any CPU
		{f8b230d3-ae39-e46a-964a-da2d078982fe}.Debug|Any CPU.Build.0 = Debug|Any CPU
		{0edd7177-2034-0113-faea-ff6fa13327ca}.Debug|Any CPU.ActiveCfg = Debug|Any CPU
		{0edd7177-2034-0113-faea-ff6fa13327ca}.Debug|Any CPU.Build.0 = Debug|Any CPU
		{939e8488-1382-3cc4-5c90-6c9078c78537}.Debug|Any CPU.ActiveCfg = Debug|Any CPU
		{939e8488-1382-3cc4-5c90-6c9078c78537}.Debug|Any CPU.Build.0 = Debug|Any CPU
		{a29d1503-ed11-b396-4d0b-daed213386a1}.Debug|Any CPU.ActiveCfg = Debug|Any CPU
		{a29d1503-ed11-b396-4d0b-daed213386a1}.Debug|Any CPU.Build.0 = Debug|Any CPU
		{19688142-910f-c30f-03a5-954ab670dc6f}.Debug|Any CPU.ActiveCfg = Debug|Any CPU
		{19688142-910f-c30f-03a5-954ab670dc6f}.Debug|Any CPU.Build.0 = Debug|Any CPU
		{afe5ba60-7d0b-ec50-26fa-3a05e8fa5157}.Debug|Any CPU.ActiveCfg = Debug|Any CPU
		{afe5ba60-7d0b-ec50-26fa-3a05e8fa5157}.Debug|Any CPU.Build.0 = Debug|Any CPU
		{e336cddb-f3ef-7357-f225-0185abe9ba6c}.Debug|Any CPU.ActiveCfg = Debug|Any CPU
		{e336cddb-f3ef-7357-f225-0185abe9ba6c}.Debug|Any CPU.Build.0 = Debug|Any CPU
		{6511ca63-7e9e-2aee-17e7-a6423ae78a90}.Debug|Any CPU.ActiveCfg = Debug|Any CPU
		{6511ca63-7e9e-2aee-17e7-a6423ae78a90}.Debug|Any CPU.Build.0 = Debug|Any CPU
		{00b28ee6-d7a3-51a5-72bd-847ca00c0e56}.Debug|Any CPU.ActiveCfg = Debug|Any CPU
		{00b28ee6-d7a3-51a5-72bd-847ca00c0e56}.Debug|Any CPU.Build.0 = Debug|Any CPU
		{f2f5404e-f8eb-2b0a-d08b-7361d2a0d193}.Debug|Any CPU.ActiveCfg = Debug|Any CPU
		{f2f5404e-f8eb-2b0a-d08b-7361d2a0d193}.Debug|Any CPU.Build.0 = Debug|Any CPU
		{9ff5ceda-4643-ee7d-0e92-9aba6f62cb71}.Debug|Any CPU.ActiveCfg = Debug|Any CPU
		{9ff5ceda-4643-ee7d-0e92-9aba6f62cb71}.Debug|Any CPU.Build.0 = Debug|Any CPU
		{e88141d6-eac9-14c9-b5cf-2aa53d07a583}.Debug|Any CPU.ActiveCfg = Debug|Any CPU
		{e88141d6-eac9-14c9-b5cf-2aa53d07a583}.Debug|Any CPU.Build.0 = Debug|Any CPU
		{db9b4463-2742-f4ac-ee0d-82c3a94b5709}.Debug|Any CPU.ActiveCfg = Debug|Any CPU
		{db9b4463-2742-f4ac-ee0d-82c3a94b5709}.Debug|Any CPU.Build.0 = Debug|Any CPU
		{efb60de4-ec30-aab2-661c-740a0c879a0c}.Debug|Any CPU.ActiveCfg = Debug|Any CPU
		{efb60de4-ec30-aab2-661c-740a0c879a0c}.Debug|Any CPU.Build.0 = Debug|Any CPU
		{3807b763-92bf-1366-0925-ade23ab7dbec}.Debug|Any CPU.ActiveCfg = Debug|Any CPU
		{3807b763-92bf-1366-0925-ade23ab7dbec}.Debug|Any CPU.Build.0 = Debug|Any CPU
		{7288e2a0-28fa-d5c0-c9d2-d7418475a16d}.Debug|Any CPU.ActiveCfg = Debug|Any CPU
		{7288e2a0-28fa-d5c0-c9d2-d7418475a16d}.Debug|Any CPU.Build.0 = Debug|Any CPU
		{e4ce52c8-4e6e-b9e0-c9d2-36c3a3dcb188}.Debug|Any CPU.ActiveCfg = Debug|Any CPU
		{e4ce52c8-4e6e-b9e0-c9d2-36c3a3dcb188}.Debug|Any CPU.Build.0 = Debug|Any CPU
		{7920cf53-d17a-0f84-8f45-5b70ec872ea0}.Debug|Any CPU.ActiveCfg = Debug|Any CPU
		{7920cf53-d17a-0f84-8f45-5b70ec872ea0}.Debug|Any CPU.Build.0 = Debug|Any CPU
		{a5cfa684-aa39-15aa-b143-2cb63dcd69ce}.Debug|Any CPU.ActiveCfg = Debug|Any CPU
		{a5cfa684-aa39-15aa-b143-2cb63dcd69ce}.Debug|Any CPU.Build.0 = Debug|Any CPU
		{a8d28192-c740-cc0c-e548-01c941f77f49}.Debug|Any CPU.ActiveCfg = Debug|Any CPU
		{a8d28192-c740-cc0c-e548-01c941f77f49}.Debug|Any CPU.Build.0 = Debug|Any CPU
		{5e905bec-9cc4-9016-b030-0b009685842f}.Debug|Any CPU.ActiveCfg = Debug|Any CPU
		{5e905bec-9cc4-9016-b030-0b009685842f}.Debug|Any CPU.Build.0 = Debug|Any CPU
		{970b2d80-9ad3-d709-ee7e-f4726019a0c0}.Debug|Any CPU.ActiveCfg = Debug|Any CPU
		{970b2d80-9ad3-d709-ee7e-f4726019a0c0}.Debug|Any CPU.Build.0 = Debug|Any CPU
		{62ec2b08-bef4-3d7c-c1ce-e9d5b6d48e2b}.Debug|Any CPU.ActiveCfg = Debug|Any CPU
		{62ec2b08-bef4-3d7c-c1ce-e9d5b6d48e2b}.Debug|Any CPU.Build.0 = Debug|Any CPU
		{05928b10-3635-6427-104f-091ff93a91ee}.Debug|Any CPU.ActiveCfg = Debug|Any CPU
		{05928b10-3635-6427-104f-091ff93a91ee}.Debug|Any CPU.Build.0 = Debug|Any CPU
		{c014bf4d-b538-51bf-00cb-84e66a885d3e}.Debug|Any CPU.ActiveCfg = Debug|Any CPU
		{c014bf4d-b538-51bf-00cb-84e66a885d3e}.Debug|Any CPU.Build.0 = Debug|Any CPU
		{2d077a72-00a5-e78e-34b8-72c89c9be15c}.Debug|Any CPU.ActiveCfg = Debug|Any CPU
		{2d077a72-00a5-e78e-34b8-72c89c9be15c}.Debug|Any CPU.Build.0 = Debug|Any CPU
		{0d23143f-f6aa-0724-c561-65f6298b3ab9}.Debug|Any CPU.ActiveCfg = Debug|Any CPU
		{0d23143f-f6aa-0724-c561-65f6298b3ab9}.Debug|Any CPU.Build.0 = Debug|Any CPU
		{482200de-4f61-dd11-030f-39587cc89a03}.Debug|Any CPU.ActiveCfg = Debug|Any CPU
		{482200de-4f61-dd11-030f-39587cc89a03}.Debug|Any CPU.Build.0 = Debug|Any CPU
		{3e696396-c235-2936-7a1c-dbd074fe3638}.Debug|Any CPU.ActiveCfg = Debug|Any CPU
		{3e696396-c235-2936-7a1c-dbd074fe3638}.Debug|Any CPU.Build.0 = Debug|Any CPU
		{809ec3a5-1b19-2f2d-65db-07be5ad1978b}.Debug|Any CPU.ActiveCfg = Debug|Any CPU
		{809ec3a5-1b19-2f2d-65db-07be5ad1978b}.Debug|Any CPU.Build.0 = Debug|Any CPU
		{0c0cd9e7-60bd-235b-e3ca-22c610854502}.Debug|Any CPU.ActiveCfg = Debug|Any CPU
		{0c0cd9e7-60bd-235b-e3ca-22c610854502}.Debug|Any CPU.Build.0 = Debug|Any CPU
		{5d3a572c-0cd2-6757-aa04-05831089b9f5}.Debug|Any CPU.ActiveCfg = Debug|Any CPU
		{5d3a572c-0cd2-6757-aa04-05831089b9f5}.Debug|Any CPU.Build.0 = Debug|Any CPU
		{eb97f9d7-04a0-b252-3d3a-f4a231340650}.Debug|Any CPU.ActiveCfg = Debug|Any CPU
		{eb97f9d7-04a0-b252-3d3a-f4a231340650}.Debug|Any CPU.Build.0 = Debug|Any CPU
		{006990b8-dda0-0bc2-d48d-c63bdb311e02}.Debug|Any CPU.ActiveCfg = Debug|Any CPU
		{006990b8-dda0-0bc2-d48d-c63bdb311e02}.Debug|Any CPU.Build.0 = Debug|Any CPU
		{9db56c02-0f5c-202d-92d6-1e498b3df580}.Debug|Any CPU.ActiveCfg = Debug|Any CPU
		{9db56c02-0f5c-202d-92d6-1e498b3df580}.Debug|Any CPU.Build.0 = Debug|Any CPU
		{e5837aa6-b37b-1b07-4e77-d5b2278cfa06}.Debug|Any CPU.ActiveCfg = Debug|Any CPU
		{e5837aa6-b37b-1b07-4e77-d5b2278cfa06}.Debug|Any CPU.Build.0 = Debug|Any CPU
		{3a7f05cd-0d55-49cd-ff61-9e5d6b517c85}.Debug|Any CPU.ActiveCfg = Debug|Any CPU
		{3a7f05cd-0d55-49cd-ff61-9e5d6b517c85}.Debug|Any CPU.Build.0 = Debug|Any CPU
		{5039187b-d9fa-f719-d5a6-2538e681b6d8}.Debug|Any CPU.ActiveCfg = Debug|Any CPU
		{5039187b-d9fa-f719-d5a6-2538e681b6d8}.Debug|Any CPU.Build.0 = Debug|Any CPU
		{4d72ea3d-5dfb-cf41-d3f5-31f484b8d155}.Debug|Any CPU.ActiveCfg = Debug|Any CPU
		{4d72ea3d-5dfb-cf41-d3f5-31f484b8d155}.Debug|Any CPU.Build.0 = Debug|Any CPU
		{9a8ead10-272e-eb6d-e126-bcf8293554a9}.Debug|Any CPU.ActiveCfg = Debug|Any CPU
		{9a8ead10-272e-eb6d-e126-bcf8293554a9}.Debug|Any CPU.Build.0 = Debug|Any CPU
	EndGlobalSection
	GlobalSection(SolutionProperties) = preSolution
		HideSolutionNode = FALSE
	EndGlobalSection
EndGlobal
